{
  "version": 4,
  "terraform_version": "1.4.4",
  "serial": 104,
  "lineage": "a2a7594a-5794-9b3a-d8cd-57e01d6f8880",
  "outputs": {},
  "resources": [
    {
      "mode": "data",
      "type": "aws_eks_cluster",
      "name": "ex",
      "provider": "provider[\"registry.terraform.io/hashicorp/aws\"]",
      "instances": [
        {
          "schema_version": 0,
          "attributes": {
            "arn": "arn:aws:eks:eu-north-1:450477592783:cluster/example",
            "certificate_authority": [
              {
                "data": "LS0tLS1CRUdJTiBDRVJUSUZJQ0FURS0tLS0tCk1JSUMvakNDQWVhZ0F3SUJBZ0lCQURBTkJna3Foa2lHOXcwQkFRc0ZBREFWTVJNd0VRWURWUVFERXdwcmRXSmwKY201bGRHVnpNQjRYRFRJek1EUXhPVEUzTURFMU9Wb1hEVE16TURReE5qRTNNREUxT1Zvd0ZURVRNQkVHQTFVRQpBeE1LYTNWaVpYSnVaWFJsY3pDQ0FTSXdEUVlKS29aSWh2Y05BUUVCQlFBRGdnRVBBRENDQVFvQ2dnRUJBTGMwClhWaldkbEpGaFlOeVVFQ2lDVE5paW5la2UvMWRvTEdLMHhXZjcvR3JkZVRpMVlQNG8vdVBIaW5aNVhWSUtzOUoKNjZlZ0xzSndQVVB2STZ1VFRJaUpSdnI0OUNtSG5IYTNRNlFtZ3JSQ2E0aXFBZDhzM3J3Q05oNmVOT25wb3g3VwpWd2FNK2tsTmMrSHhSSExzTG14VFlvYlhENlZzbUIrQ1A3YXMwN1AzaVlsdm8rOXNBWkVlYjByei93TGlneHl1CnlJSXE3YStzTUN5SjNDaXhjdGhheXA1WXUvaVdURjl6RWxWSGlPOG9Gc3kwdmRHdVg4WHFyVml2NnBOdzhFWkwKdUNWK2xDMTBodnF3SllsTThMamwzVHZTTXozcVRpYWE2a01IN1B5VHRlbmU0YlE2Zm80UG9hTXgzZkpNZThNNQprcFJFdmcwMDUwZ0hFY3VUMWhjQ0F3RUFBYU5aTUZjd0RnWURWUjBQQVFIL0JBUURBZ0trTUE4R0ExVWRFd0VCCi93UUZNQU1CQWY4d0hRWURWUjBPQkJZRUZKSThUSzMzejNCWU1ob1dYR0UrMFZmdS9TUWdNQlVHQTFVZEVRUU8KTUF5Q0NtdDFZbVZ5Ym1WMFpYTXdEUVlKS29aSWh2Y05BUUVMQlFBRGdnRUJBRkpkdGZhWE1mWnhzZHFaWkN6bwpIbGl3dGRXOUFKRUlVSU9BMDVJMHpNS3JFVDVZQlVhSzQrK09OK1BoS1Y2Q3NxeHF3dFA3Z2t2RzVvcUxWMFhDCnl5NWlvdVdWaHMwSWk4akJ4LzhFbGg2S1VMNGE4U25LR2ZGZEJSdm1sTzhBQkx5Ly9aSUtTUEF5VHRzeG9WQ0EKL2pPVDVOK3lYcHppUXAxNGNHQTAvK2xQQWZLdERTaWppZEtKQkxJR1JDM1pOdnNVU2JwNHdhTmZzakdmV29Xago5YTJLOWZ3djNIbkJKb3hPUlczWWN2SlRCWlhYbGQ1RXUwdWdndFNNZm54b2tlWklwSVVNWlNxV1dhNWZSWlpvCjVheHZNcnZXWDNNLzR5Ujg3aWxGUHllZUc3NkZVREhISHA3ck5kQzAxTjFXTlI2M2VOVTIrVnVJNUE0S3JBb0cKV2pBPQotLS0tLUVORCBDRVJUSUZJQ0FURS0tLS0tCg=="
              }
            ],
            "cluster_id": null,
            "created_at": "2023-04-19 16:57:03.377 +0000 UTC",
            "enabled_cluster_log_types": [],
            "endpoint": "https://8D213B2045AE2C1939BCC8D87D5D62F6.gr7.eu-north-1.eks.amazonaws.com",
            "id": "example",
            "identity": [
              {
                "oidc": [
                  {
                    "issuer": "https://oidc.eks.eu-north-1.amazonaws.com/id/8D213B2045AE2C1939BCC8D87D5D62F6"
                  }
                ]
              }
            ],
            "kubernetes_network_config": [
              {
                "ip_family": "ipv4",
                "service_ipv4_cidr": "10.100.0.0/16",
                "service_ipv6_cidr": ""
              }
            ],
            "name": "example",
            "outpost_config": [],
            "platform_version": "eks.2",
            "role_arn": "arn:aws:iam::450477592783:role/test_role",
            "status": "ACTIVE",
            "tags": {},
            "version": "1.25",
            "vpc_config": [
              {
                "cluster_security_group_id": "sg-06b83c3ba5b18fd42",
                "endpoint_private_access": false,
                "endpoint_public_access": true,
                "public_access_cidrs": [
                  "0.0.0.0/0"
                ],
                "security_group_ids": [],
                "subnet_ids": [
                  "subnet-01ff3e84d53fbcf29",
                  "subnet-08e277aed634782f9",
                  "subnet-0d2f0a296700061d2",
                  "subnet-0da9ef3151837fb77"
                ],
                "vpc_id": "vpc-09ba9b9a5e165c2f5"
              }
            ]
          },
          "sensitive_attributes": []
        }
      ]
    },
    {
      "mode": "data",
      "type": "aws_eks_cluster_auth",
      "name": "ex",
      "provider": "provider[\"registry.terraform.io/hashicorp/aws\"]",
      "instances": [
        {
          "schema_version": 0,
          "attributes": {
            "id": "example",
            "name": "example",
            "token": "k8s-aws-v1.aHR0cHM6Ly9zdHMuYW1hem9uYXdzLmNvbS8_QWN0aW9uPUdldENhbGxlcklkZW50aXR5JlZlcnNpb249MjAxMS0wNi0xNSZYLUFtei1BbGdvcml0aG09QVdTNC1ITUFDLVNIQTI1NiZYLUFtei1DcmVkZW50aWFsPUFLSUFXUllVT1NESFg1SVBGNDREJTJGMjAyMzA0MTklMkZ1cy1lYXN0LTElMkZzdHMlMkZhd3M0X3JlcXVlc3QmWC1BbXotRGF0ZT0yMDIzMDQxOVQxNzM0NTVaJlgtQW16LUV4cGlyZXM9MCZYLUFtei1TaWduZWRIZWFkZXJzPWhvc3QlM0J4LWs4cy1hd3MtaWQmWC1BbXotU2lnbmF0dXJlPTExNzQ1Y2UzOWRlZjZiM2EyYTFhMDFlZWMxMTJjYTZkMDVjZmEwYjUyNmMzOTI2ZWQ2NzVlYWM0YTQwOWZhZTQ"
          },
          "sensitive_attributes": []
        }
      ]
    },
    {
      "module": "module.aws_eip[\"subnet1\"]",
      "mode": "managed",
      "type": "aws_eip",
      "name": "nat1",
      "provider": "provider[\"registry.terraform.io/hashicorp/aws\"]",
      "instances": [
        {
          "schema_version": 0,
          "attributes": {
            "address": null,
            "allocation_id": "eipalloc-05e2b40fd3b242f71",
            "associate_with_private_ip": null,
            "association_id": "eipassoc-017a028bc09e5ab17",
            "carrier_ip": "",
            "customer_owned_ip": "",
            "customer_owned_ipv4_pool": "",
            "domain": "vpc",
            "id": "eipalloc-05e2b40fd3b242f71",
            "instance": "",
            "network_border_group": "eu-north-1",
            "network_interface": "eni-020f9a34a2700b857",
            "private_dns": "ip-192-168-62-39.eu-north-1.compute.internal",
            "private_ip": "192.168.62.39",
            "public_dns": "ec2-16-16-82-68.eu-north-1.compute.amazonaws.com",
            "public_ip": "16.16.82.68",
            "public_ipv4_pool": "amazon",
            "tags": {
              "Name": "nat1"
            },
            "tags_all": {
              "Name": "nat1"
            },
            "timeouts": null,
            "vpc": true
          },
          "sensitive_attributes": [],
          "private": "eyJlMmJmYjczMC1lY2FhLTExZTYtOGY4OC0zNDM2M2JjN2M0YzAiOnsiZGVsZXRlIjoxODAwMDAwMDAwMDAsInJlYWQiOjkwMDAwMDAwMDAwMCwidXBkYXRlIjozMDAwMDAwMDAwMDB9fQ==",
          "dependencies": [
            "module.aws_internet_gateway.aws_internet_gateway.name",
            "module.aws_vpc.aws_vpc.main"
          ]
        }
      ]
    },
    {
      "module": "module.aws_eip[\"subnet2\"]",
      "mode": "managed",
      "type": "aws_eip",
      "name": "nat1",
      "provider": "provider[\"registry.terraform.io/hashicorp/aws\"]",
      "instances": [
        {
          "schema_version": 0,
          "attributes": {
            "address": null,
            "allocation_id": "eipalloc-0a3bd3404333271ac",
            "associate_with_private_ip": null,
            "association_id": "eipassoc-0c9b01e121dfc062c",
            "carrier_ip": "",
            "customer_owned_ip": "",
            "customer_owned_ipv4_pool": "",
            "domain": "vpc",
            "id": "eipalloc-0a3bd3404333271ac",
            "instance": "",
            "network_border_group": "eu-north-1",
            "network_interface": "eni-02a17af29adc8d73f",
            "private_dns": "ip-192-168-128-233.eu-north-1.compute.internal",
            "private_ip": "192.168.128.233",
            "public_dns": "ec2-13-50-211-178.eu-north-1.compute.amazonaws.com",
            "public_ip": "13.50.211.178",
            "public_ipv4_pool": "amazon",
            "tags": {
              "Name": "nat2"
            },
            "tags_all": {
              "Name": "nat2"
            },
            "timeouts": null,
            "vpc": true
          },
          "sensitive_attributes": [],
          "private": "eyJlMmJmYjczMC1lY2FhLTExZTYtOGY4OC0zNDM2M2JjN2M0YzAiOnsiZGVsZXRlIjoxODAwMDAwMDAwMDAsInJlYWQiOjkwMDAwMDAwMDAwMCwidXBkYXRlIjozMDAwMDAwMDAwMDB9fQ==",
          "dependencies": [
            "module.aws_internet_gateway.aws_internet_gateway.name",
            "module.aws_vpc.aws_vpc.main"
          ]
        }
      ]
    },
    {
      "module": "module.aws_eks_cluster",
      "mode": "data",
      "type": "aws_subnets",
      "name": "all",
      "provider": "provider[\"registry.terraform.io/hashicorp/aws\"]",
      "instances": [
        {
          "schema_version": 0,
          "attributes": {
            "filter": [
              {
                "name": "vpc-id",
                "values": [
                  "vpc-09ba9b9a5e165c2f5"
                ]
              }
            ],
            "id": "eu-north-1",
            "ids": [
              "subnet-08e277aed634782f9",
              "subnet-0d2f0a296700061d2",
              "subnet-0da9ef3151837fb77",
              "subnet-01ff3e84d53fbcf29"
            ],
            "tags": null,
            "timeouts": null
          },
          "sensitive_attributes": []
        }
      ]
    },
    {
      "module": "module.aws_eks_cluster",
      "mode": "managed",
      "type": "aws_eks_cluster",
      "name": "example",
      "provider": "provider[\"registry.terraform.io/hashicorp/aws\"]",
      "instances": [
        {
          "schema_version": 0,
          "attributes": {
            "arn": "arn:aws:eks:eu-north-1:450477592783:cluster/example",
            "certificate_authority": [
              {
                "data": "LS0tLS1CRUdJTiBDRVJUSUZJQ0FURS0tLS0tCk1JSUMvakNDQWVhZ0F3SUJBZ0lCQURBTkJna3Foa2lHOXcwQkFRc0ZBREFWTVJNd0VRWURWUVFERXdwcmRXSmwKY201bGRHVnpNQjRYRFRJek1EUXhPVEUzTURFMU9Wb1hEVE16TURReE5qRTNNREUxT1Zvd0ZURVRNQkVHQTFVRQpBeE1LYTNWaVpYSnVaWFJsY3pDQ0FTSXdEUVlKS29aSWh2Y05BUUVCQlFBRGdnRVBBRENDQVFvQ2dnRUJBTGMwClhWaldkbEpGaFlOeVVFQ2lDVE5paW5la2UvMWRvTEdLMHhXZjcvR3JkZVRpMVlQNG8vdVBIaW5aNVhWSUtzOUoKNjZlZ0xzSndQVVB2STZ1VFRJaUpSdnI0OUNtSG5IYTNRNlFtZ3JSQ2E0aXFBZDhzM3J3Q05oNmVOT25wb3g3VwpWd2FNK2tsTmMrSHhSSExzTG14VFlvYlhENlZzbUIrQ1A3YXMwN1AzaVlsdm8rOXNBWkVlYjByei93TGlneHl1CnlJSXE3YStzTUN5SjNDaXhjdGhheXA1WXUvaVdURjl6RWxWSGlPOG9Gc3kwdmRHdVg4WHFyVml2NnBOdzhFWkwKdUNWK2xDMTBodnF3SllsTThMamwzVHZTTXozcVRpYWE2a01IN1B5VHRlbmU0YlE2Zm80UG9hTXgzZkpNZThNNQprcFJFdmcwMDUwZ0hFY3VUMWhjQ0F3RUFBYU5aTUZjd0RnWURWUjBQQVFIL0JBUURBZ0trTUE4R0ExVWRFd0VCCi93UUZNQU1CQWY4d0hRWURWUjBPQkJZRUZKSThUSzMzejNCWU1ob1dYR0UrMFZmdS9TUWdNQlVHQTFVZEVRUU8KTUF5Q0NtdDFZbVZ5Ym1WMFpYTXdEUVlKS29aSWh2Y05BUUVMQlFBRGdnRUJBRkpkdGZhWE1mWnhzZHFaWkN6bwpIbGl3dGRXOUFKRUlVSU9BMDVJMHpNS3JFVDVZQlVhSzQrK09OK1BoS1Y2Q3NxeHF3dFA3Z2t2RzVvcUxWMFhDCnl5NWlvdVdWaHMwSWk4akJ4LzhFbGg2S1VMNGE4U25LR2ZGZEJSdm1sTzhBQkx5Ly9aSUtTUEF5VHRzeG9WQ0EKL2pPVDVOK3lYcHppUXAxNGNHQTAvK2xQQWZLdERTaWppZEtKQkxJR1JDM1pOdnNVU2JwNHdhTmZzakdmV29Xago5YTJLOWZ3djNIbkJKb3hPUlczWWN2SlRCWlhYbGQ1RXUwdWdndFNNZm54b2tlWklwSVVNWlNxV1dhNWZSWlpvCjVheHZNcnZXWDNNLzR5Ujg3aWxGUHllZUc3NkZVREhISHA3ck5kQzAxTjFXTlI2M2VOVTIrVnVJNUE0S3JBb0cKV2pBPQotLS0tLUVORCBDRVJUSUZJQ0FURS0tLS0tCg=="
              }
            ],
            "cluster_id": null,
            "created_at": "2023-04-19 16:57:03.377 +0000 UTC",
            "enabled_cluster_log_types": [],
            "encryption_config": [],
            "endpoint": "https://8D213B2045AE2C1939BCC8D87D5D62F6.gr7.eu-north-1.eks.amazonaws.com",
            "id": "example",
            "identity": [
              {
                "oidc": [
                  {
                    "issuer": "https://oidc.eks.eu-north-1.amazonaws.com/id/8D213B2045AE2C1939BCC8D87D5D62F6"
                  }
                ]
              }
            ],
            "kubernetes_network_config": [
              {
                "ip_family": "ipv4",
                "service_ipv4_cidr": "10.100.0.0/16",
                "service_ipv6_cidr": ""
              }
            ],
            "name": "example",
            "outpost_config": [],
            "platform_version": "eks.2",
            "role_arn": "arn:aws:iam::450477592783:role/test_role",
            "status": "ACTIVE",
            "tags": {},
            "tags_all": {},
            "timeouts": null,
            "version": "1.25",
            "vpc_config": [
              {
                "cluster_security_group_id": "sg-06b83c3ba5b18fd42",
                "endpoint_private_access": false,
                "endpoint_public_access": true,
                "public_access_cidrs": [
                  "0.0.0.0/0"
                ],
                "security_group_ids": [],
                "subnet_ids": [
                  "subnet-01ff3e84d53fbcf29",
                  "subnet-08e277aed634782f9",
                  "subnet-0d2f0a296700061d2",
                  "subnet-0da9ef3151837fb77"
                ],
                "vpc_id": "vpc-09ba9b9a5e165c2f5"
              }
            ]
          },
          "sensitive_attributes": [],
          "private": "eyJlMmJmYjczMC1lY2FhLTExZTYtOGY4OC0zNDM2M2JjN2M0YzAiOnsiY3JlYXRlIjoxODAwMDAwMDAwMDAwLCJkZWxldGUiOjkwMDAwMDAwMDAwMCwidXBkYXRlIjozNjAwMDAwMDAwMDAwfX0=",
          "dependencies": [
            "module.aws_eks_cluster.aws_iam_role.eks_cluster",
            "module.aws_eks_cluster.aws_iam_role_policy_attachment.amazon_eks_cluster_policy",
            "module.aws_eks_cluster.aws_iam_role_policy_attachment.amazon_eks_vpc_resource_controller",
            "module.aws_eks_cluster.data.aws_subnets.all",
            "module.aws_vpc.aws_vpc.main",
            "module.private_subnet.aws_subnet.private_subnet",
            "module.public_subnet.aws_subnet.public_subnet"
          ]
        }
      ]
    },
    {
      "module": "module.aws_eks_cluster",
      "mode": "managed",
      "type": "aws_iam_role",
      "name": "eks_cluster",
      "provider": "provider[\"registry.terraform.io/hashicorp/aws\"]",
      "instances": [
        {
          "schema_version": 0,
          "attributes": {
            "arn": "arn:aws:iam::450477592783:role/test_role",
            "assume_role_policy": "{\"Statement\":[{\"Action\":\"sts:AssumeRole\",\"Effect\":\"Allow\",\"Principal\":{\"Service\":\"eks.amazonaws.com\"},\"Sid\":\"\"}],\"Version\":\"2012-10-17\"}",
            "create_date": "2023-04-19T16:57:00Z",
            "description": "",
            "force_detach_policies": false,
            "id": "test_role",
            "inline_policy": [],
            "managed_policy_arns": [
              "arn:aws:iam::aws:policy/AmazonEKSClusterPolicy",
              "arn:aws:iam::aws:policy/AmazonEKSVPCResourceController"
            ],
            "max_session_duration": 3600,
            "name": "test_role",
            "name_prefix": "",
            "path": "/",
            "permissions_boundary": null,
            "tags": {},
            "tags_all": {},
            "unique_id": "AROAWRYUOSDH4QWQ7HP6E"
          },
          "sensitive_attributes": [],
          "private": "bnVsbA==",
          "dependencies": [
            "module.aws_vpc.aws_vpc.main",
            "module.private_subnet.aws_subnet.private_subnet",
            "module.public_subnet.aws_subnet.public_subnet"
          ]
        }
      ]
    },
    {
      "module": "module.aws_eks_cluster",
      "mode": "managed",
      "type": "aws_iam_role_policy_attachment",
      "name": "amazon_eks_cluster_policy",
      "provider": "provider[\"registry.terraform.io/hashicorp/aws\"]",
      "instances": [
        {
          "schema_version": 0,
          "attributes": {
            "id": "test_role-20230419165702689700000003",
            "policy_arn": "arn:aws:iam::aws:policy/AmazonEKSClusterPolicy",
            "role": "test_role"
          },
          "sensitive_attributes": [],
          "private": "bnVsbA==",
          "dependencies": [
            "module.aws_eks_cluster.aws_iam_role.eks_cluster",
            "module.aws_vpc.aws_vpc.main",
            "module.private_subnet.aws_subnet.private_subnet",
            "module.public_subnet.aws_subnet.public_subnet"
          ]
        }
      ]
    },
    {
      "module": "module.aws_eks_cluster",
      "mode": "managed",
      "type": "aws_iam_role_policy_attachment",
      "name": "amazon_eks_vpc_resource_controller",
      "provider": "provider[\"registry.terraform.io/hashicorp/aws\"]",
      "instances": [
        {
          "schema_version": 0,
          "attributes": {
            "id": "test_role-20230419165702868000000004",
            "policy_arn": "arn:aws:iam::aws:policy/AmazonEKSVPCResourceController",
            "role": "test_role"
          },
          "sensitive_attributes": [],
          "private": "bnVsbA==",
          "dependencies": [
            "module.aws_eks_cluster.aws_iam_role.eks_cluster",
            "module.aws_vpc.aws_vpc.main",
            "module.private_subnet.aws_subnet.private_subnet",
            "module.public_subnet.aws_subnet.public_subnet"
          ]
        }
      ]
    },
    {
      "module": "module.aws_eks_helm_charts",
      "mode": "managed",
      "type": "helm_release",
      "name": "argocd",
      "provider": "provider[\"registry.terraform.io/hashicorp/helm\"]",
      "instances": [
        {
          "schema_version": 1,
          "attributes": {
            "atomic": false,
            "chart": "argo-cd",
            "cleanup_on_fail": false,
            "create_namespace": true,
            "dependency_update": false,
            "description": null,
            "devel": null,
            "disable_crd_hooks": false,
            "disable_openapi_validation": false,
            "disable_webhooks": false,
            "force_update": false,
            "id": "argocd",
            "keyring": null,
            "lint": false,
            "manifest": null,
            "max_history": 0,
            "metadata": [
              {
                "app_version": "v2.2.5",
                "chart": "argo-cd",
                "name": "argocd",
                "namespace": "argocd",
                "revision": 1,
                "values": "{\"global\":{\"image\":{\"tag\":\"v2.6.6\"}},\"server\":{\"extraArgs\":[\"--insecure\"]}}",
                "version": "3.35.4"
              }
            ],
            "name": "argocd",
            "namespace": "argocd",
            "pass_credentials": false,
            "postrender": [],
            "recreate_pods": false,
            "render_subchart_notes": true,
            "replace": false,
            "repository": "https://argoproj.github.io/argo-helm",
            "repository_ca_file": null,
            "repository_cert_file": null,
            "repository_key_file": null,
            "repository_password": null,
            "repository_username": null,
            "reset_values": false,
            "reuse_values": false,
            "set": [],
            "set_sensitive": [],
            "skip_crds": false,
            "status": "deployed",
            "timeout": 300,
            "values": [
              "---\r\nglobal:\r\n  image:\r\n    tag: \"v2.6.6\"\r\n\r\nserver:\r\n  extraArgs:\r\n    - --insecure"
            ],
            "verify": false,
            "version": "3.35.4",
            "wait": true,
            "wait_for_jobs": false
          },
          "sensitive_attributes": [],
          "private": "eyJzY2hlbWFfdmVyc2lvbiI6IjEifQ==",
          "dependencies": [
            "data.aws_eks_cluster.ex",
            "module.aws_eks_cluster.aws_eks_cluster.example",
            "module.aws_eks_cluster.aws_iam_role.eks_cluster",
            "module.aws_eks_cluster.aws_iam_role_policy_attachment.amazon_eks_cluster_policy",
            "module.aws_eks_cluster.aws_iam_role_policy_attachment.amazon_eks_vpc_resource_controller",
            "module.aws_eks_cluster.data.aws_subnets.all",
            "module.aws_eks_node_group.aws_eks_node_group.example",
            "module.aws_eks_node_group.aws_iam_role.node_group",
            "module.aws_eks_node_group.aws_iam_role_policy_attachment.amazon_ec2_container_registry_readonly",
            "module.aws_eks_node_group.aws_iam_role_policy_attachment.amazon_eks_CNI_policy",
            "module.aws_eks_node_group.aws_iam_role_policy_attachment.amazon_eks_worker_node_policy",
            "module.aws_eks_node_group.data.aws_subnets.name",
            "module.aws_vpc.aws_vpc.main",
            "module.private_subnet.aws_subnet.private_subnet",
            "module.public_subnet.aws_subnet.public_subnet"
          ]
        }
      ]
    },
    {
      "module": "module.aws_eks_helm_charts",
      "mode": "managed",
      "type": "helm_release",
      "name": "sealed-secrets",
      "provider": "provider[\"registry.terraform.io/hashicorp/helm\"]",
      "instances": [
        {
          "schema_version": 1,
          "attributes": {
            "atomic": false,
            "chart": "sealed-secrets",
            "cleanup_on_fail": false,
            "create_namespace": true,
            "dependency_update": false,
            "description": null,
            "devel": null,
            "disable_crd_hooks": false,
            "disable_openapi_validation": false,
            "disable_webhooks": false,
            "force_update": false,
            "id": "sealed-secrets",
            "keyring": null,
            "lint": false,
            "manifest": null,
            "max_history": 0,
            "metadata": [
              {
                "app_version": "0.20.2",
                "chart": "sealed-secrets",
                "name": "sealed-secrets",
                "namespace": "kube-system",
                "revision": 1,
                "values": "{}",
                "version": "1.2.11"
              }
            ],
            "name": "sealed-secrets",
            "namespace": "kube-system",
            "pass_credentials": false,
            "postrender": [],
            "recreate_pods": false,
            "render_subchart_notes": true,
            "replace": false,
            "repository": "https://charts.bitnami.com/bitnami",
            "repository_ca_file": null,
            "repository_cert_file": null,
            "repository_key_file": null,
            "repository_password": null,
            "repository_username": null,
            "reset_values": false,
            "reuse_values": false,
            "set": [],
            "set_sensitive": [],
            "skip_crds": false,
            "status": "deployed",
            "timeout": 300,
            "values": null,
            "verify": false,
            "version": "1.2.11",
            "wait": true,
            "wait_for_jobs": false
          },
          "sensitive_attributes": [],
          "private": "eyJzY2hlbWFfdmVyc2lvbiI6IjEifQ==",
          "dependencies": [
            "data.aws_eks_cluster.ex",
            "module.aws_eks_cluster.aws_eks_cluster.example",
            "module.aws_eks_cluster.aws_iam_role.eks_cluster",
            "module.aws_eks_cluster.aws_iam_role_policy_attachment.amazon_eks_cluster_policy",
            "module.aws_eks_cluster.aws_iam_role_policy_attachment.amazon_eks_vpc_resource_controller",
            "module.aws_eks_cluster.data.aws_subnets.all",
            "module.aws_eks_node_group.aws_eks_node_group.example",
            "module.aws_eks_node_group.aws_iam_role.node_group",
            "module.aws_eks_node_group.aws_iam_role_policy_attachment.amazon_ec2_container_registry_readonly",
            "module.aws_eks_node_group.aws_iam_role_policy_attachment.amazon_eks_CNI_policy",
            "module.aws_eks_node_group.aws_iam_role_policy_attachment.amazon_eks_worker_node_policy",
            "module.aws_eks_node_group.data.aws_subnets.name",
            "module.aws_vpc.aws_vpc.main",
            "module.private_subnet.aws_subnet.private_subnet",
            "module.public_subnet.aws_subnet.public_subnet"
          ]
        }
      ]
    },
    {
      "module": "module.aws_eks_helm_charts",
      "mode": "managed",
      "type": "helm_release",
      "name": "updater",
      "provider": "provider[\"registry.terraform.io/hashicorp/helm\"]",
      "instances": [
        {
          "schema_version": 1,
          "attributes": {
            "atomic": false,
            "chart": "argocd-image-updater",
            "cleanup_on_fail": false,
            "create_namespace": true,
            "dependency_update": false,
            "description": null,
            "devel": null,
            "disable_crd_hooks": false,
            "disable_openapi_validation": false,
            "disable_webhooks": false,
            "force_update": false,
            "id": "updater",
            "keyring": null,
            "lint": false,
            "manifest": null,
            "max_history": 0,
            "metadata": [
              {
                "app_version": "v0.12.2",
                "chart": "argocd-image-updater",
                "name": "updater",
                "namespace": "argocd",
                "revision": 1,
                "values": "{\"image\":{\"tag\":\"v0.12.2\"},\"metrics\":{\"enabled\":true}}",
                "version": "0.8.4"
              }
            ],
            "name": "updater",
            "namespace": "argocd",
            "pass_credentials": false,
            "postrender": [],
            "recreate_pods": false,
            "render_subchart_notes": true,
            "replace": false,
            "repository": "https://argoproj.github.io/argo-helm",
            "repository_ca_file": null,
            "repository_cert_file": null,
            "repository_key_file": null,
            "repository_password": null,
            "repository_username": null,
            "reset_values": false,
            "reuse_values": false,
            "set": [],
            "set_sensitive": [],
            "skip_crds": false,
            "status": "deployed",
            "timeout": 300,
            "values": [
              "---\r\nimage:\r\n  tag: \"v0.12.2\"\r\n\r\nmetrics:\r\n  enabled: true\r\n"
            ],
            "verify": false,
            "version": "0.8.4",
            "wait": true,
            "wait_for_jobs": false
          },
          "sensitive_attributes": [],
          "private": "eyJzY2hlbWFfdmVyc2lvbiI6IjEifQ==",
          "dependencies": [
            "data.aws_eks_cluster.ex",
            "module.aws_eks_cluster.aws_eks_cluster.example",
            "module.aws_eks_cluster.aws_iam_role.eks_cluster",
            "module.aws_eks_cluster.aws_iam_role_policy_attachment.amazon_eks_cluster_policy",
            "module.aws_eks_cluster.aws_iam_role_policy_attachment.amazon_eks_vpc_resource_controller",
            "module.aws_eks_cluster.data.aws_subnets.all",
            "module.aws_eks_node_group.aws_eks_node_group.example",
            "module.aws_eks_node_group.aws_iam_role.node_group",
            "module.aws_eks_node_group.aws_iam_role_policy_attachment.amazon_ec2_container_registry_readonly",
            "module.aws_eks_node_group.aws_iam_role_policy_attachment.amazon_eks_CNI_policy",
            "module.aws_eks_node_group.aws_iam_role_policy_attachment.amazon_eks_worker_node_policy",
            "module.aws_eks_node_group.data.aws_subnets.name",
            "module.aws_vpc.aws_vpc.main",
            "module.private_subnet.aws_subnet.private_subnet",
            "module.public_subnet.aws_subnet.public_subnet"
          ]
        }
      ]
    },
    {
      "module": "module.aws_eks_node_group",
      "mode": "data",
      "type": "aws_subnets",
      "name": "name",
      "provider": "provider[\"registry.terraform.io/hashicorp/aws\"]",
      "instances": [
        {
          "schema_version": 0,
          "attributes": {
            "filter": [
              {
                "name": "tag:Name",
                "values": [
                  "private*"
                ]
              }
            ],
            "id": "eu-north-1",
            "ids": [
              "subnet-08e277aed634782f9",
              "subnet-01ff3e84d53fbcf29"
            ],
            "tags": null,
            "timeouts": null
          },
          "sensitive_attributes": []
        }
      ]
    },
    {
      "module": "module.aws_eks_node_group",
      "mode": "managed",
      "type": "aws_eks_node_group",
      "name": "example",
      "provider": "provider[\"registry.terraform.io/hashicorp/aws\"]",
      "instances": [
        {
          "schema_version": 0,
          "attributes": {
            "ami_type": "AL2_x86_64",
            "arn": "arn:aws:eks:eu-north-1:450477592783:nodegroup/example/example/18c3cd3d-e652-0379-ca0f-faa4a56a2a1b",
            "capacity_type": "ON_DEMAND",
            "cluster_name": "example",
            "disk_size": 100,
            "force_update_version": false,
            "id": "example:example",
            "instance_types": [
              "t3.small"
            ],
            "labels": {
              "role": "nodes-general"
            },
            "launch_template": [],
            "node_group_name": "example",
            "node_group_name_prefix": "",
            "node_role_arn": "arn:aws:iam::450477592783:role/test_role3",
            "release_version": "1.25.7-20230406",
            "remote_access": [],
            "resources": [
              {
                "autoscaling_groups": [
                  {
                    "name": "eks-example-18c3cd3d-e652-0379-ca0f-faa4a56a2a1b"
                  }
                ],
                "remote_access_security_group_id": ""
              }
            ],
            "scaling_config": [
              {
                "desired_size": 1,
                "max_size": 2,
                "min_size": 1
              }
            ],
            "status": "ACTIVE",
            "subnet_ids": [
              "subnet-01ff3e84d53fbcf29",
              "subnet-08e277aed634782f9"
            ],
            "tags": {},
            "tags_all": {},
            "taint": [],
            "timeouts": null,
            "update_config": [
              {
                "max_unavailable": 1,
                "max_unavailable_percentage": 0
              }
            ],
            "version": "1.25"
          },
          "sensitive_attributes": [],
          "private": "eyJlMmJmYjczMC1lY2FhLTExZTYtOGY4OC0zNDM2M2JjN2M0YzAiOnsiY3JlYXRlIjozNjAwMDAwMDAwMDAwLCJkZWxldGUiOjM2MDAwMDAwMDAwMDAsInVwZGF0ZSI6MzYwMDAwMDAwMDAwMH19",
          "dependencies": [
            "module.aws_eks_cluster.aws_eks_cluster.example",
            "module.aws_eks_cluster.aws_iam_role.eks_cluster",
            "module.aws_eks_cluster.aws_iam_role_policy_attachment.amazon_eks_cluster_policy",
            "module.aws_eks_cluster.aws_iam_role_policy_attachment.amazon_eks_vpc_resource_controller",
            "module.aws_eks_cluster.data.aws_subnets.all",
            "module.aws_eks_node_group.aws_iam_role.node_group",
            "module.aws_eks_node_group.aws_iam_role_policy_attachment.amazon_ec2_container_registry_readonly",
            "module.aws_eks_node_group.aws_iam_role_policy_attachment.amazon_eks_CNI_policy",
            "module.aws_eks_node_group.aws_iam_role_policy_attachment.amazon_eks_worker_node_policy",
            "module.aws_eks_node_group.data.aws_subnets.name",
            "module.aws_vpc.aws_vpc.main",
            "module.private_subnet.aws_subnet.private_subnet",
            "module.public_subnet.aws_subnet.public_subnet"
          ]
        }
      ]
    },
    {
      "module": "module.aws_eks_node_group",
      "mode": "managed",
      "type": "aws_iam_role",
      "name": "node_group",
      "provider": "provider[\"registry.terraform.io/hashicorp/aws\"]",
      "instances": [
        {
          "schema_version": 0,
          "attributes": {
            "arn": "arn:aws:iam::450477592783:role/test_role3",
            "assume_role_policy": "{\"Statement\":[{\"Action\":\"sts:AssumeRole\",\"Effect\":\"Allow\",\"Principal\":{\"Service\":\"ec2.amazonaws.com\"},\"Sid\":\"\"}],\"Version\":\"2012-10-17\"}",
            "create_date": "2023-04-19T17:06:56Z",
            "description": "",
            "force_detach_policies": false,
            "id": "test_role3",
            "inline_policy": [],
            "managed_policy_arns": [
              "arn:aws:iam::aws:policy/AmazonEC2ContainerRegistryReadOnly",
              "arn:aws:iam::aws:policy/AmazonEKSWorkerNodePolicy",
              "arn:aws:iam::aws:policy/AmazonEKS_CNI_Policy"
            ],
            "max_session_duration": 3600,
            "name": "test_role3",
            "name_prefix": "",
            "path": "/",
            "permissions_boundary": null,
            "tags": {},
            "tags_all": {},
            "unique_id": "AROAWRYUOSDHYR7YB7MTJ"
          },
          "sensitive_attributes": [],
          "private": "bnVsbA==",
          "dependencies": [
            "module.aws_eks_cluster.aws_eks_cluster.example",
            "module.aws_eks_cluster.aws_iam_role.eks_cluster",
            "module.aws_eks_cluster.aws_iam_role_policy_attachment.amazon_eks_cluster_policy",
            "module.aws_eks_cluster.aws_iam_role_policy_attachment.amazon_eks_vpc_resource_controller",
            "module.aws_eks_cluster.data.aws_subnets.all",
            "module.aws_vpc.aws_vpc.main",
            "module.private_subnet.aws_subnet.private_subnet",
            "module.public_subnet.aws_subnet.public_subnet"
          ]
        }
      ]
    },
    {
      "module": "module.aws_eks_node_group",
      "mode": "managed",
      "type": "aws_iam_role_policy_attachment",
      "name": "amazon_ec2_container_registry_readonly",
      "provider": "provider[\"registry.terraform.io/hashicorp/aws\"]",
      "instances": [
        {
          "schema_version": 0,
          "attributes": {
            "id": "test_role3-20230419170658364700000006",
            "policy_arn": "arn:aws:iam::aws:policy/AmazonEC2ContainerRegistryReadOnly",
            "role": "test_role3"
          },
          "sensitive_attributes": [],
          "private": "bnVsbA==",
          "dependencies": [
            "module.aws_eks_cluster.aws_eks_cluster.example",
            "module.aws_eks_cluster.aws_iam_role.eks_cluster",
            "module.aws_eks_cluster.aws_iam_role_policy_attachment.amazon_eks_cluster_policy",
            "module.aws_eks_cluster.aws_iam_role_policy_attachment.amazon_eks_vpc_resource_controller",
            "module.aws_eks_cluster.data.aws_subnets.all",
            "module.aws_eks_node_group.aws_iam_role.node_group",
            "module.aws_vpc.aws_vpc.main",
            "module.private_subnet.aws_subnet.private_subnet",
            "module.public_subnet.aws_subnet.public_subnet"
          ]
        }
      ]
    },
    {
      "module": "module.aws_eks_node_group",
      "mode": "managed",
      "type": "aws_iam_role_policy_attachment",
      "name": "amazon_eks_CNI_policy",
      "provider": "provider[\"registry.terraform.io/hashicorp/aws\"]",
      "instances": [
        {
          "schema_version": 0,
          "attributes": {
            "id": "test_role3-20230419170658486300000007",
            "policy_arn": "arn:aws:iam::aws:policy/AmazonEKS_CNI_Policy",
            "role": "test_role3"
          },
          "sensitive_attributes": [],
          "private": "bnVsbA==",
          "dependencies": [
            "module.aws_eks_cluster.aws_eks_cluster.example",
            "module.aws_eks_cluster.aws_iam_role.eks_cluster",
            "module.aws_eks_cluster.aws_iam_role_policy_attachment.amazon_eks_cluster_policy",
            "module.aws_eks_cluster.aws_iam_role_policy_attachment.amazon_eks_vpc_resource_controller",
            "module.aws_eks_cluster.data.aws_subnets.all",
            "module.aws_eks_node_group.aws_iam_role.node_group",
            "module.aws_vpc.aws_vpc.main",
            "module.private_subnet.aws_subnet.private_subnet",
            "module.public_subnet.aws_subnet.public_subnet"
          ]
        }
      ]
    },
    {
      "module": "module.aws_eks_node_group",
      "mode": "managed",
      "type": "aws_iam_role_policy_attachment",
      "name": "amazon_eks_worker_node_policy",
      "provider": "provider[\"registry.terraform.io/hashicorp/aws\"]",
      "instances": [
        {
          "schema_version": 0,
          "attributes": {
            "id": "test_role3-20230419170658180500000005",
            "policy_arn": "arn:aws:iam::aws:policy/AmazonEKSWorkerNodePolicy",
            "role": "test_role3"
          },
          "sensitive_attributes": [],
          "private": "bnVsbA==",
          "dependencies": [
            "module.aws_eks_cluster.aws_eks_cluster.example",
            "module.aws_eks_cluster.aws_iam_role.eks_cluster",
            "module.aws_eks_cluster.aws_iam_role_policy_attachment.amazon_eks_cluster_policy",
            "module.aws_eks_cluster.aws_iam_role_policy_attachment.amazon_eks_vpc_resource_controller",
            "module.aws_eks_cluster.data.aws_subnets.all",
            "module.aws_eks_node_group.aws_iam_role.node_group",
            "module.aws_vpc.aws_vpc.main",
            "module.private_subnet.aws_subnet.private_subnet",
            "module.public_subnet.aws_subnet.public_subnet"
          ]
        }
      ]
    },
    {
      "module": "module.aws_internet_gateway",
      "mode": "managed",
      "type": "aws_internet_gateway",
      "name": "name",
      "provider": "provider[\"registry.terraform.io/hashicorp/aws\"]",
      "instances": [
        {
          "schema_version": 0,
          "attributes": {
            "arn": "arn:aws:ec2:eu-north-1:450477592783:internet-gateway/igw-0c53cdf33495115b9",
            "id": "igw-0c53cdf33495115b9",
            "owner_id": "450477592783",
            "tags": {
              "Name": "victorsgateway"
            },
            "tags_all": {
              "Name": "victorsgateway"
            },
            "timeouts": null,
            "vpc_id": "vpc-09ba9b9a5e165c2f5"
          },
          "sensitive_attributes": [],
          "private": "eyJlMmJmYjczMC1lY2FhLTExZTYtOGY4OC0zNDM2M2JjN2M0YzAiOnsiY3JlYXRlIjoxMjAwMDAwMDAwMDAwLCJkZWxldGUiOjEyMDAwMDAwMDAwMDAsInVwZGF0ZSI6MTIwMDAwMDAwMDAwMH19",
          "dependencies": [
            "module.aws_vpc.aws_vpc.main"
          ]
        }
      ]
    },
    {
      "module": "module.aws_nat_gateway[\"subnet1\"]",
      "mode": "managed",
      "type": "aws_nat_gateway",
      "name": "example",
      "provider": "provider[\"registry.terraform.io/hashicorp/aws\"]",
      "instances": [
        {
          "schema_version": 0,
          "attributes": {
            "allocation_id": "eipalloc-05e2b40fd3b242f71",
            "connectivity_type": "public",
            "id": "nat-005c77df4f7a96e41",
            "network_interface_id": "eni-020f9a34a2700b857",
            "private_ip": "192.168.62.39",
            "public_ip": "16.16.82.68",
            "subnet_id": "subnet-0d2f0a296700061d2",
            "tags": {
              "Name": "NAT1"
            },
            "tags_all": {
              "Name": "NAT1"
            }
          },
          "sensitive_attributes": [],
          "private": "bnVsbA==",
          "dependencies": [
            "module.aws_eip.aws_eip.nat1",
            "module.aws_internet_gateway.aws_internet_gateway.name",
            "module.aws_vpc.aws_vpc.main",
            "module.public_subnet.aws_subnet.public_subnet"
          ]
        }
      ]
    },
    {
      "module": "module.aws_nat_gateway[\"subnet2\"]",
      "mode": "managed",
      "type": "aws_nat_gateway",
      "name": "example",
      "provider": "provider[\"registry.terraform.io/hashicorp/aws\"]",
      "instances": [
        {
          "schema_version": 0,
          "attributes": {
            "allocation_id": "eipalloc-0a3bd3404333271ac",
            "connectivity_type": "public",
            "id": "nat-010bd524f0bcec89a",
            "network_interface_id": "eni-02a17af29adc8d73f",
            "private_ip": "192.168.128.233",
            "public_ip": "13.50.211.178",
            "subnet_id": "subnet-0da9ef3151837fb77",
            "tags": {
              "Name": "NAT2"
            },
            "tags_all": {
              "Name": "NAT2"
            }
          },
          "sensitive_attributes": [],
          "private": "bnVsbA==",
          "dependencies": [
            "module.aws_eip.aws_eip.nat1",
            "module.aws_internet_gateway.aws_internet_gateway.name",
            "module.aws_vpc.aws_vpc.main",
            "module.public_subnet.aws_subnet.public_subnet"
          ]
        }
      ]
    },
    {
      "module": "module.aws_route_table_association_private[\"subnet1\"]",
      "mode": "managed",
      "type": "aws_route_table_association",
      "name": "route_association_private",
      "provider": "provider[\"registry.terraform.io/hashicorp/aws\"]",
      "instances": [
        {
          "schema_version": 0,
          "attributes": {
            "gateway_id": "",
            "id": "rtbassoc-0e517ee9c97ec5f9a",
            "route_table_id": "rtb-06c51c0d0e45bbc02",
            "subnet_id": "subnet-08e277aed634782f9"
          },
          "sensitive_attributes": [],
          "private": "bnVsbA==",
          "dependencies": [
            "module.aws_eip.aws_eip.nat1",
            "module.aws_internet_gateway.aws_internet_gateway.name",
            "module.aws_nat_gateway.aws_nat_gateway.example",
            "module.aws_route_table_private.aws_route_table.route_table_private",
            "module.aws_vpc.aws_vpc.main",
            "module.private_subnet.aws_subnet.private_subnet",
            "module.public_subnet.aws_subnet.public_subnet"
          ]
        }
      ]
    },
    {
      "module": "module.aws_route_table_association_private[\"subnet2\"]",
      "mode": "managed",
      "type": "aws_route_table_association",
      "name": "route_association_private",
      "provider": "provider[\"registry.terraform.io/hashicorp/aws\"]",
      "instances": [
        {
          "schema_version": 0,
          "attributes": {
            "gateway_id": "",
            "id": "rtbassoc-069099a29a2d857e9",
            "route_table_id": "rtb-08af6269fb476dcf2",
            "subnet_id": "subnet-01ff3e84d53fbcf29"
          },
          "sensitive_attributes": [],
          "private": "bnVsbA==",
          "dependencies": [
            "module.aws_eip.aws_eip.nat1",
            "module.aws_internet_gateway.aws_internet_gateway.name",
            "module.aws_nat_gateway.aws_nat_gateway.example",
            "module.aws_route_table_private.aws_route_table.route_table_private",
            "module.aws_vpc.aws_vpc.main",
            "module.private_subnet.aws_subnet.private_subnet",
            "module.public_subnet.aws_subnet.public_subnet"
          ]
        }
      ]
    },
    {
      "module": "module.aws_route_table_association_public[\"subnet1\"]",
      "mode": "managed",
      "type": "aws_route_table_association",
      "name": "route_association_public",
      "provider": "provider[\"registry.terraform.io/hashicorp/aws\"]",
      "instances": [
        {
          "schema_version": 0,
          "attributes": {
            "gateway_id": "",
            "id": "rtbassoc-07e8df73e651f3aec",
            "route_table_id": "rtb-00a4f9ed4f87909df",
            "subnet_id": "subnet-0d2f0a296700061d2"
          },
          "sensitive_attributes": [],
          "private": "bnVsbA==",
          "dependencies": [
            "module.aws_eip.aws_eip.nat1",
            "module.aws_internet_gateway.aws_internet_gateway.name",
            "module.aws_nat_gateway.aws_nat_gateway.example",
            "module.aws_route_table_public.aws_route_table.route_table_public",
            "module.aws_vpc.aws_vpc.main",
            "module.public_subnet.aws_subnet.public_subnet"
          ]
        }
      ]
    },
    {
      "module": "module.aws_route_table_association_public[\"subnet2\"]",
      "mode": "managed",
      "type": "aws_route_table_association",
      "name": "route_association_public",
      "provider": "provider[\"registry.terraform.io/hashicorp/aws\"]",
      "instances": [
        {
          "schema_version": 0,
          "attributes": {
            "gateway_id": "",
            "id": "rtbassoc-048089471cfb46177",
            "route_table_id": "rtb-00a4f9ed4f87909df",
            "subnet_id": "subnet-0da9ef3151837fb77"
          },
          "sensitive_attributes": [],
          "private": "bnVsbA==",
          "dependencies": [
            "module.aws_eip.aws_eip.nat1",
            "module.aws_internet_gateway.aws_internet_gateway.name",
            "module.aws_nat_gateway.aws_nat_gateway.example",
            "module.aws_route_table_public.aws_route_table.route_table_public",
            "module.aws_vpc.aws_vpc.main",
            "module.public_subnet.aws_subnet.public_subnet"
          ]
        }
      ]
    },
    {
      "module": "module.aws_route_table_private[\"subnet1\"]",
      "mode": "managed",
      "type": "aws_route_table",
      "name": "route_table_private",
      "provider": "provider[\"registry.terraform.io/hashicorp/aws\"]",
      "instances": [
        {
          "schema_version": 0,
          "attributes": {
            "arn": "arn:aws:ec2:eu-north-1:450477592783:route-table/rtb-06c51c0d0e45bbc02",
            "id": "rtb-06c51c0d0e45bbc02",
            "owner_id": "450477592783",
            "propagating_vgws": [],
            "route": [
              {
                "carrier_gateway_id": "",
                "cidr_block": "0.0.0.0/0",
                "core_network_arn": "",
                "destination_prefix_list_id": "",
                "egress_only_gateway_id": "",
                "gateway_id": "nat-005c77df4f7a96e41",
                "instance_id": "",
                "ipv6_cidr_block": "",
                "local_gateway_id": "",
                "nat_gateway_id": "",
                "network_interface_id": "",
                "transit_gateway_id": "",
                "vpc_endpoint_id": "",
                "vpc_peering_connection_id": ""
              }
            ],
            "tags": {
              "Name": "myprivateroute1"
            },
            "tags_all": {
              "Name": "myprivateroute1"
            },
            "timeouts": null,
            "vpc_id": "vpc-09ba9b9a5e165c2f5"
          },
          "sensitive_attributes": [],
          "private": "eyJlMmJmYjczMC1lY2FhLTExZTYtOGY4OC0zNDM2M2JjN2M0YzAiOnsiY3JlYXRlIjozMDAwMDAwMDAwMDAsImRlbGV0ZSI6MzAwMDAwMDAwMDAwLCJ1cGRhdGUiOjEyMDAwMDAwMDAwMH19",
          "dependencies": [
            "module.aws_eip.aws_eip.nat1",
            "module.aws_internet_gateway.aws_internet_gateway.name",
            "module.aws_nat_gateway.aws_nat_gateway.example",
            "module.aws_vpc.aws_vpc.main",
            "module.public_subnet.aws_subnet.public_subnet"
          ]
        }
      ]
    },
    {
      "module": "module.aws_route_table_private[\"subnet2\"]",
      "mode": "managed",
      "type": "aws_route_table",
      "name": "route_table_private",
      "provider": "provider[\"registry.terraform.io/hashicorp/aws\"]",
      "instances": [
        {
          "schema_version": 0,
          "attributes": {
            "arn": "arn:aws:ec2:eu-north-1:450477592783:route-table/rtb-08af6269fb476dcf2",
            "id": "rtb-08af6269fb476dcf2",
            "owner_id": "450477592783",
            "propagating_vgws": [],
            "route": [
              {
                "carrier_gateway_id": "",
                "cidr_block": "0.0.0.0/0",
                "core_network_arn": "",
                "destination_prefix_list_id": "",
                "egress_only_gateway_id": "",
                "gateway_id": "nat-010bd524f0bcec89a",
                "instance_id": "",
                "ipv6_cidr_block": "",
                "local_gateway_id": "",
                "nat_gateway_id": "",
                "network_interface_id": "",
                "transit_gateway_id": "",
                "vpc_endpoint_id": "",
                "vpc_peering_connection_id": ""
              }
            ],
            "tags": {
              "Name": "myprivateroute2"
            },
            "tags_all": {
              "Name": "myprivateroute2"
            },
            "timeouts": null,
            "vpc_id": "vpc-09ba9b9a5e165c2f5"
          },
          "sensitive_attributes": [],
          "private": "eyJlMmJmYjczMC1lY2FhLTExZTYtOGY4OC0zNDM2M2JjN2M0YzAiOnsiY3JlYXRlIjozMDAwMDAwMDAwMDAsImRlbGV0ZSI6MzAwMDAwMDAwMDAwLCJ1cGRhdGUiOjEyMDAwMDAwMDAwMH19",
          "dependencies": [
            "module.aws_eip.aws_eip.nat1",
            "module.aws_internet_gateway.aws_internet_gateway.name",
            "module.aws_nat_gateway.aws_nat_gateway.example",
            "module.aws_vpc.aws_vpc.main",
            "module.public_subnet.aws_subnet.public_subnet"
          ]
        }
      ]
    },
    {
      "module": "module.aws_route_table_public",
      "mode": "managed",
      "type": "aws_route_table",
      "name": "route_table_public",
      "provider": "provider[\"registry.terraform.io/hashicorp/aws\"]",
      "instances": [
        {
          "schema_version": 0,
          "attributes": {
            "arn": "arn:aws:ec2:eu-north-1:450477592783:route-table/rtb-00a4f9ed4f87909df",
            "id": "rtb-00a4f9ed4f87909df",
            "owner_id": "450477592783",
            "propagating_vgws": [],
            "route": [
              {
                "carrier_gateway_id": "",
                "cidr_block": "0.0.0.0/0",
                "core_network_arn": "",
                "destination_prefix_list_id": "",
                "egress_only_gateway_id": "",
                "gateway_id": "igw-0c53cdf33495115b9",
                "instance_id": "",
                "ipv6_cidr_block": "",
                "local_gateway_id": "",
                "nat_gateway_id": "",
                "network_interface_id": "",
                "transit_gateway_id": "",
                "vpc_endpoint_id": "",
                "vpc_peering_connection_id": ""
              }
            ],
            "tags": {
              "Name": "mypublicroute"
            },
            "tags_all": {
              "Name": "mypublicroute"
            },
            "timeouts": null,
            "vpc_id": "vpc-09ba9b9a5e165c2f5"
          },
          "sensitive_attributes": [],
          "private": "eyJlMmJmYjczMC1lY2FhLTExZTYtOGY4OC0zNDM2M2JjN2M0YzAiOnsiY3JlYXRlIjozMDAwMDAwMDAwMDAsImRlbGV0ZSI6MzAwMDAwMDAwMDAwLCJ1cGRhdGUiOjEyMDAwMDAwMDAwMH19",
          "dependencies": [
            "module.aws_eip.aws_eip.nat1",
            "module.aws_internet_gateway.aws_internet_gateway.name",
            "module.aws_nat_gateway.aws_nat_gateway.example",
            "module.aws_vpc.aws_vpc.main",
            "module.public_subnet.aws_subnet.public_subnet"
          ]
        }
      ]
    },
    {
      "module": "module.aws_vpc",
      "mode": "managed",
      "type": "aws_vpc",
      "name": "main",
      "provider": "provider[\"registry.terraform.io/hashicorp/aws\"]",
      "instances": [
        {
          "schema_version": 1,
          "attributes": {
            "arn": "arn:aws:ec2:eu-north-1:450477592783:vpc/vpc-09ba9b9a5e165c2f5",
            "assign_generated_ipv6_cidr_block": false,
            "cidr_block": "192.168.0.0/16",
            "default_network_acl_id": "acl-0fca510b7a9fda134",
            "default_route_table_id": "rtb-08fee65787ce419e1",
            "default_security_group_id": "sg-0c417f65adc88cb7d",
            "dhcp_options_id": "dopt-01287b56c4a82f9fe",
            "enable_classiclink": false,
            "enable_classiclink_dns_support": false,
            "enable_dns_hostnames": true,
            "enable_dns_support": true,
            "enable_network_address_usage_metrics": false,
            "id": "vpc-09ba9b9a5e165c2f5",
            "instance_tenancy": "default",
            "ipv4_ipam_pool_id": null,
            "ipv4_netmask_length": null,
            "ipv6_association_id": "",
            "ipv6_cidr_block": "",
            "ipv6_cidr_block_network_border_group": "",
            "ipv6_ipam_pool_id": "",
            "ipv6_netmask_length": 0,
            "main_route_table_id": "rtb-08fee65787ce419e1",
            "owner_id": "450477592783",
            "tags": {
              "Name": "Victor_vpc_test"
            },
            "tags_all": {
              "Name": "Victor_vpc_test"
            }
          },
          "sensitive_attributes": [],
          "private": "eyJzY2hlbWFfdmVyc2lvbiI6IjEifQ=="
        }
      ]
    },
    {
      "module": "module.private_subnet[\"subnet1\"]",
      "mode": "managed",
      "type": "aws_subnet",
      "name": "private_subnet",
      "provider": "provider[\"registry.terraform.io/hashicorp/aws\"]",
      "instances": [
        {
          "schema_version": 1,
          "attributes": {
            "arn": "arn:aws:ec2:eu-north-1:450477592783:subnet/subnet-08e277aed634782f9",
            "assign_ipv6_address_on_creation": false,
            "availability_zone": "eu-north-1a",
            "availability_zone_id": "eun1-az1",
            "cidr_block": "192.168.64.0/18",
            "customer_owned_ipv4_pool": "",
            "enable_dns64": false,
            "enable_resource_name_dns_a_record_on_launch": false,
            "enable_resource_name_dns_aaaa_record_on_launch": false,
            "id": "subnet-08e277aed634782f9",
            "ipv6_cidr_block": "",
            "ipv6_cidr_block_association_id": "",
            "ipv6_native": false,
            "map_customer_owned_ip_on_launch": false,
            "map_public_ip_on_launch": false,
            "outpost_arn": "",
            "owner_id": "450477592783",
            "private_dns_hostname_type_on_launch": "ip-name",
            "tags": {
              "Name": "private-eu-north-1a",
              "kubernetes.io/cluster/eks": "shared",
              "kubernetes.io/role/internal-elb": "1"
            },
            "tags_all": {
              "Name": "private-eu-north-1a",
              "kubernetes.io/cluster/eks": "shared",
              "kubernetes.io/role/internal-elb": "1"
            },
            "timeouts": null,
            "vpc_id": "vpc-09ba9b9a5e165c2f5"
          },
          "sensitive_attributes": [],
          "private": "eyJlMmJmYjczMC1lY2FhLTExZTYtOGY4OC0zNDM2M2JjN2M0YzAiOnsiY3JlYXRlIjo2MDAwMDAwMDAwMDAsImRlbGV0ZSI6MTIwMDAwMDAwMDAwMH0sInNjaGVtYV92ZXJzaW9uIjoiMSJ9",
          "dependencies": [
            "module.aws_vpc.aws_vpc.main"
          ]
        }
      ]
    },
    {
      "module": "module.private_subnet[\"subnet2\"]",
      "mode": "managed",
      "type": "aws_subnet",
      "name": "private_subnet",
      "provider": "provider[\"registry.terraform.io/hashicorp/aws\"]",
      "instances": [
        {
          "schema_version": 1,
          "attributes": {
            "arn": "arn:aws:ec2:eu-north-1:450477592783:subnet/subnet-01ff3e84d53fbcf29",
            "assign_ipv6_address_on_creation": false,
            "availability_zone": "eu-north-1b",
            "availability_zone_id": "eun1-az2",
            "cidr_block": "192.168.192.0/18",
            "customer_owned_ipv4_pool": "",
            "enable_dns64": false,
            "enable_resource_name_dns_a_record_on_launch": false,
            "enable_resource_name_dns_aaaa_record_on_launch": false,
            "id": "subnet-01ff3e84d53fbcf29",
            "ipv6_cidr_block": "",
            "ipv6_cidr_block_association_id": "",
            "ipv6_native": false,
            "map_customer_owned_ip_on_launch": false,
            "map_public_ip_on_launch": false,
            "outpost_arn": "",
            "owner_id": "450477592783",
            "private_dns_hostname_type_on_launch": "ip-name",
            "tags": {
              "Name": "private-eu-north-1b",
              "kubernetes.io/cluster/eks": "shared",
              "kubernetes.io/role/internal-elb": "1"
            },
            "tags_all": {
              "Name": "private-eu-north-1b",
              "kubernetes.io/cluster/eks": "shared",
              "kubernetes.io/role/internal-elb": "1"
            },
            "timeouts": null,
            "vpc_id": "vpc-09ba9b9a5e165c2f5"
          },
          "sensitive_attributes": [],
          "private": "eyJlMmJmYjczMC1lY2FhLTExZTYtOGY4OC0zNDM2M2JjN2M0YzAiOnsiY3JlYXRlIjo2MDAwMDAwMDAwMDAsImRlbGV0ZSI6MTIwMDAwMDAwMDAwMH0sInNjaGVtYV92ZXJzaW9uIjoiMSJ9",
          "dependencies": [
            "module.aws_vpc.aws_vpc.main"
          ]
        }
      ]
    },
    {
      "module": "module.public_subnet[\"subnet1\"]",
      "mode": "managed",
      "type": "aws_subnet",
      "name": "public_subnet",
      "provider": "provider[\"registry.terraform.io/hashicorp/aws\"]",
      "instances": [
        {
          "schema_version": 1,
          "attributes": {
            "arn": "arn:aws:ec2:eu-north-1:450477592783:subnet/subnet-0d2f0a296700061d2",
            "assign_ipv6_address_on_creation": false,
            "availability_zone": "eu-north-1a",
            "availability_zone_id": "eun1-az1",
            "cidr_block": "192.168.0.0/18",
            "customer_owned_ipv4_pool": "",
            "enable_dns64": false,
            "enable_resource_name_dns_a_record_on_launch": false,
            "enable_resource_name_dns_aaaa_record_on_launch": false,
            "id": "subnet-0d2f0a296700061d2",
            "ipv6_cidr_block": "",
            "ipv6_cidr_block_association_id": "",
            "ipv6_native": false,
            "map_customer_owned_ip_on_launch": false,
            "map_public_ip_on_launch": true,
            "outpost_arn": "",
            "owner_id": "450477592783",
            "private_dns_hostname_type_on_launch": "ip-name",
            "tags": {
              "Name": "public-eu-north-1a",
              "kubernetes.io/cluster/eks": "shared",
              "kubernetes.io/role/elb": "1"
            },
            "tags_all": {
              "Name": "public-eu-north-1a",
              "kubernetes.io/cluster/eks": "shared",
              "kubernetes.io/role/elb": "1"
            },
            "timeouts": null,
            "vpc_id": "vpc-09ba9b9a5e165c2f5"
          },
          "sensitive_attributes": [],
          "private": "eyJlMmJmYjczMC1lY2FhLTExZTYtOGY4OC0zNDM2M2JjN2M0YzAiOnsiY3JlYXRlIjo2MDAwMDAwMDAwMDAsImRlbGV0ZSI6MTIwMDAwMDAwMDAwMH0sInNjaGVtYV92ZXJzaW9uIjoiMSJ9",
          "dependencies": [
            "module.aws_vpc.aws_vpc.main"
          ]
        }
      ]
    },
    {
      "module": "module.public_subnet[\"subnet2\"]",
      "mode": "managed",
      "type": "aws_subnet",
      "name": "public_subnet",
      "provider": "provider[\"registry.terraform.io/hashicorp/aws\"]",
      "instances": [
        {
          "schema_version": 1,
          "attributes": {
            "arn": "arn:aws:ec2:eu-north-1:450477592783:subnet/subnet-0da9ef3151837fb77",
            "assign_ipv6_address_on_creation": false,
            "availability_zone": "eu-north-1b",
            "availability_zone_id": "eun1-az2",
            "cidr_block": "192.168.128.0/18",
            "customer_owned_ipv4_pool": "",
            "enable_dns64": false,
            "enable_resource_name_dns_a_record_on_launch": false,
            "enable_resource_name_dns_aaaa_record_on_launch": false,
            "id": "subnet-0da9ef3151837fb77",
            "ipv6_cidr_block": "",
            "ipv6_cidr_block_association_id": "",
            "ipv6_native": false,
            "map_customer_owned_ip_on_launch": false,
            "map_public_ip_on_launch": true,
            "outpost_arn": "",
            "owner_id": "450477592783",
            "private_dns_hostname_type_on_launch": "ip-name",
            "tags": {
              "Name": "public-eu-north-1b",
              "kubernetes.io/cluster/eks": "shared",
              "kubernetes.io/role/elb": "1"
            },
            "tags_all": {
              "Name": "public-eu-north-1b",
              "kubernetes.io/cluster/eks": "shared",
              "kubernetes.io/role/elb": "1"
            },
            "timeouts": null,
            "vpc_id": "vpc-09ba9b9a5e165c2f5"
          },
          "sensitive_attributes": [],
          "private": "eyJlMmJmYjczMC1lY2FhLTExZTYtOGY4OC0zNDM2M2JjN2M0YzAiOnsiY3JlYXRlIjo2MDAwMDAwMDAwMDAsImRlbGV0ZSI6MTIwMDAwMDAwMDAwMH0sInNjaGVtYV92ZXJzaW9uIjoiMSJ9",
          "dependencies": [
            "module.aws_vpc.aws_vpc.main"
          ]
        }
      ]
    }
  ],
  "check_results": null
}
