{
  "version": 4,
  "terraform_version": "1.4.4",
  "serial": 29,
  "lineage": "dee6ce32-489d-06f6-ace3-0738d90021f2",
  "outputs": {},
  "resources": [
    {
      "module": "module.aws_eip[\"subnet1\"]",
      "mode": "managed",
      "type": "aws_eip",
      "name": "nat1",
      "provider": "provider[\"registry.terraform.io/hashicorp/aws\"]",
      "instances": [
        {
          "schema_version": 0,
          "attributes": {
            "address": null,
            "allocation_id": "eipalloc-07822f668df7c2925",
            "associate_with_private_ip": null,
            "association_id": "",
            "carrier_ip": "",
            "customer_owned_ip": "",
            "customer_owned_ipv4_pool": "",
            "domain": "vpc",
            "id": "eipalloc-07822f668df7c2925",
            "instance": "",
            "network_border_group": "eu-north-1",
            "network_interface": "",
            "private_dns": null,
            "private_ip": "",
            "public_dns": "ec2-16-16-114-179.eu-north-1.compute.amazonaws.com",
            "public_ip": "16.16.114.179",
            "public_ipv4_pool": "amazon",
            "tags": {
              "Name": "nat1"
            },
            "tags_all": {
              "Name": "nat1"
            },
            "timeouts": null,
            "vpc": true
          },
          "sensitive_attributes": [],
          "private": "eyJlMmJmYjczMC1lY2FhLTExZTYtOGY4OC0zNDM2M2JjN2M0YzAiOnsiZGVsZXRlIjoxODAwMDAwMDAwMDAsInJlYWQiOjkwMDAwMDAwMDAwMCwidXBkYXRlIjozMDAwMDAwMDAwMDB9fQ==",
          "dependencies": [
            "module.aws_internet_gateway.aws_internet_gateway.name",
            "module.aws_vpc.aws_vpc.main"
          ]
        }
      ]
    },
    {
      "module": "module.aws_eip[\"subnet2\"]",
      "mode": "managed",
      "type": "aws_eip",
      "name": "nat1",
      "provider": "provider[\"registry.terraform.io/hashicorp/aws\"]",
      "instances": [
        {
          "schema_version": 0,
          "attributes": {
            "address": null,
            "allocation_id": "eipalloc-0123df59133625ab3",
            "associate_with_private_ip": null,
            "association_id": "",
            "carrier_ip": "",
            "customer_owned_ip": "",
            "customer_owned_ipv4_pool": "",
            "domain": "vpc",
            "id": "eipalloc-0123df59133625ab3",
            "instance": "",
            "network_border_group": "eu-north-1",
            "network_interface": "",
            "private_dns": null,
            "private_ip": "",
            "public_dns": "ec2-13-48-202-191.eu-north-1.compute.amazonaws.com",
            "public_ip": "13.48.202.191",
            "public_ipv4_pool": "amazon",
            "tags": {
              "Name": "nat2"
            },
            "tags_all": {
              "Name": "nat2"
            },
            "timeouts": null,
            "vpc": true
          },
          "sensitive_attributes": [],
          "private": "eyJlMmJmYjczMC1lY2FhLTExZTYtOGY4OC0zNDM2M2JjN2M0YzAiOnsiZGVsZXRlIjoxODAwMDAwMDAwMDAsInJlYWQiOjkwMDAwMDAwMDAwMCwidXBkYXRlIjozMDAwMDAwMDAwMDB9fQ==",
          "dependencies": [
            "module.aws_internet_gateway.aws_internet_gateway.name",
            "module.aws_vpc.aws_vpc.main"
          ]
        }
      ]
    },
    {
      "module": "module.aws_eks_cluster",
      "mode": "data",
      "type": "aws_subnets",
      "name": "all",
      "provider": "provider[\"registry.terraform.io/hashicorp/aws\"]",
      "instances": [
        {
          "schema_version": 0,
          "attributes": {
            "filter": [
              {
                "name": "vpc-id",
                "values": [
                  "vpc-092575ae955776fb7"
                ]
              }
            ],
            "id": "eu-north-1",
            "ids": [
              "subnet-04ddef6b0f7f4a9cc",
              "subnet-0b7fbb162c3276117",
              "subnet-0346c1b73fcff6f13",
              "subnet-0ff5a28da1b438c52"
            ],
            "tags": null,
            "timeouts": null
          },
          "sensitive_attributes": []
        }
      ]
    },
    {
      "module": "module.aws_eks_cluster",
      "mode": "managed",
      "type": "aws_eks_cluster",
      "name": "example",
      "provider": "provider[\"registry.terraform.io/hashicorp/aws\"]",
      "instances": [
        {
          "schema_version": 0,
          "attributes": {
            "arn": "arn:aws:eks:eu-north-1:450477592783:cluster/example",
            "certificate_authority": [
              {
                "data": "LS0tLS1CRUdJTiBDRVJUSUZJQ0FURS0tLS0tCk1JSUMvakNDQWVhZ0F3SUJBZ0lCQURBTkJna3Foa2lHOXcwQkFRc0ZBREFWTVJNd0VRWURWUVFERXdwcmRXSmwKY201bGRHVnpNQjRYRFRJek1EUXhNekU1TURVME4xb1hEVE16TURReE1ERTVNRFUwTjFvd0ZURVRNQkVHQTFVRQpBeE1LYTNWaVpYSnVaWFJsY3pDQ0FTSXdEUVlKS29aSWh2Y05BUUVCQlFBRGdnRVBBRENDQVFvQ2dnRUJBS052ClcyUTBxeVBTcVJlMlJKelNLRmllOU9UcjJoNmEwN1NkbTI5ZWRIMEZtQVJFVjdITkloOWJFMXV0ODY4MEx4dnUKa0w3TURNREdjTE5HVnhDNTdHeVhjV1VCd1grUUFVSCt1UWVsbUlDUEtYd3lvb1NZdzhySThDamVSWlpuMjNaMgoyS1UzWGU4bkV1MkcrcjNDSXY5NWFWUTJHa3Rnd3gzVFRMaFkraG5YenJtR0pTL2hrUUhCODIrSGZpWEZ1REN3CklIREVuUHhQRWR3c1RybkVyalBTbGY1UERPRmVPbkp4UTM3Uk0vdFZPbTZDWFRxb1ZaM0t6Ly80TEVLWHRnY3UKVnNzMVhyNWU5UThYTXgxYjRDU2tVR09XV1V2VGtrcFZ4aXkyWTMvTHRWTXA2SXUxSkdCV1lieUpoelhybm9DZgphbGNnY0xZQ0dkUVdmQWszbjMwQ0F3RUFBYU5aTUZjd0RnWURWUjBQQVFIL0JBUURBZ0trTUE4R0ExVWRFd0VCCi93UUZNQU1CQWY4d0hRWURWUjBPQkJZRUZNV1pocUd2Ky9GV3E0ek9Lb1ZqZ3ZhMFBsRDdNQlVHQTFVZEVRUU8KTUF5Q0NtdDFZbVZ5Ym1WMFpYTXdEUVlKS29aSWh2Y05BUUVMQlFBRGdnRUJBRlVLcnQvZ21GNDdodWV6ZStVYwp6ZFZ5TjE3VXlmREpEY1JMbWU5czk4cmVxOXJiMkF1bDdwS3V3SWRkTVVBNllxZjF1VnprRklrNzRldXN6a2dkCll0MCt3Zjl6M3lPek9SVTJ0aEpkMFU3Rk5TMU5ibnVzbXBPNnIxUUZIdWRXcUFqZnRoc1pNdlRBcEwyR3ZUNVUKc3dXd2VSY2xOZFBwU2xWdlBxak15UFFjUjQwV0RCUFp4bXZENjlkN3FJaVlKREdHYy9tVUVUTjJiYXMxQjhZRgozMmNyeVI5eWcyTGlwK1FBQi9tc3U4ZlJrcTBxQkptYzZMdmt0NlJaRmw1d25TQmVVL0pzOERNM00wMXNVQzI5ClhiWGM0MzFYY3EwZlhFRi80cGNOSU5kQmtDVnVPTlp5UmEyUHVPNy9veU1OSlZRR1NoU2ZZN0VISXVLWEZELzEKclNVPQotLS0tLUVORCBDRVJUSUZJQ0FURS0tLS0tCg=="
              }
            ],
            "cluster_id": null,
            "created_at": "2023-04-13 19:00:56.045 +0000 UTC",
            "enabled_cluster_log_types": null,
            "encryption_config": [],
            "endpoint": "https://0ED4BA13D03FADE3112E661746ED4318.yl4.eu-north-1.eks.amazonaws.com",
            "id": "example",
            "identity": [
              {
                "oidc": [
                  {
                    "issuer": "https://oidc.eks.eu-north-1.amazonaws.com/id/0ED4BA13D03FADE3112E661746ED4318"
                  }
                ]
              }
            ],
            "kubernetes_network_config": [
              {
                "ip_family": "ipv4",
                "service_ipv4_cidr": "10.100.0.0/16",
                "service_ipv6_cidr": ""
              }
            ],
            "name": "example",
            "outpost_config": [],
            "platform_version": "eks.2",
            "role_arn": "arn:aws:iam::450477592783:role/test_role",
            "status": "ACTIVE",
            "tags": null,
            "tags_all": {},
            "timeouts": null,
            "version": "1.25",
            "vpc_config": [
              {
                "cluster_security_group_id": "sg-0a28c6ffbf9342756",
                "endpoint_private_access": false,
                "endpoint_public_access": true,
                "public_access_cidrs": [
                  "0.0.0.0/0"
                ],
                "security_group_ids": null,
                "subnet_ids": [
                  "subnet-0346c1b73fcff6f13",
                  "subnet-04ddef6b0f7f4a9cc",
                  "subnet-0b7fbb162c3276117",
                  "subnet-0ff5a28da1b438c52"
                ],
                "vpc_id": "vpc-092575ae955776fb7"
              }
            ]
          },
          "sensitive_attributes": [],
          "private": "eyJlMmJmYjczMC1lY2FhLTExZTYtOGY4OC0zNDM2M2JjN2M0YzAiOnsiY3JlYXRlIjoxODAwMDAwMDAwMDAwLCJkZWxldGUiOjkwMDAwMDAwMDAwMCwidXBkYXRlIjozNjAwMDAwMDAwMDAwfX0=",
          "dependencies": [
            "module.aws_eks_cluster.aws_iam_role.eks_cluster",
            "module.aws_eks_cluster.aws_iam_role_policy_attachment.amazon_eks_cluster_policy",
            "module.aws_eks_cluster.aws_iam_role_policy_attachment.amazon_eks_vpc_resource_controller",
            "module.aws_eks_cluster.data.aws_subnets.all",
            "module.aws_vpc.aws_vpc.main",
            "module.private_subnet.aws_subnet.private_subnet",
            "module.public_subnet.aws_subnet.public_subnet"
          ]
        }
      ]
    },
    {
      "module": "module.aws_eks_cluster",
      "mode": "managed",
      "type": "aws_iam_role",
      "name": "eks_cluster",
      "provider": "provider[\"registry.terraform.io/hashicorp/aws\"]",
      "instances": [
        {
          "schema_version": 0,
          "attributes": {
            "arn": "arn:aws:iam::450477592783:role/test_role",
            "assume_role_policy": "{\"Statement\":[{\"Action\":\"sts:AssumeRole\",\"Effect\":\"Allow\",\"Principal\":{\"Service\":\"eks.amazonaws.com\"},\"Sid\":\"\"}],\"Version\":\"2012-10-17\"}",
            "create_date": "2023-04-13T19:00:53Z",
            "description": "",
            "force_detach_policies": false,
            "id": "test_role",
            "inline_policy": [],
            "managed_policy_arns": [],
            "max_session_duration": 3600,
            "name": "test_role",
            "name_prefix": "",
            "path": "/",
            "permissions_boundary": null,
            "tags": null,
            "tags_all": {},
            "unique_id": "AROAWRYUOSDH34E5A5U7J"
          },
          "sensitive_attributes": [],
          "private": "bnVsbA==",
          "dependencies": [
            "module.aws_vpc.aws_vpc.main",
            "module.private_subnet.aws_subnet.private_subnet",
            "module.public_subnet.aws_subnet.public_subnet"
          ]
        }
      ]
    },
    {
      "module": "module.aws_eks_cluster",
      "mode": "managed",
      "type": "aws_iam_role_policy_attachment",
      "name": "amazon_eks_cluster_policy",
      "provider": "provider[\"registry.terraform.io/hashicorp/aws\"]",
      "instances": [
        {
          "schema_version": 0,
          "attributes": {
            "id": "test_role-20230413190055038800000004",
            "policy_arn": "arn:aws:iam::aws:policy/AmazonEKSClusterPolicy",
            "role": "test_role"
          },
          "sensitive_attributes": [],
          "private": "bnVsbA==",
          "dependencies": [
            "module.aws_eks_cluster.aws_iam_role.eks_cluster",
            "module.aws_vpc.aws_vpc.main",
            "module.private_subnet.aws_subnet.private_subnet",
            "module.public_subnet.aws_subnet.public_subnet"
          ]
        }
      ]
    },
    {
      "module": "module.aws_eks_cluster",
      "mode": "managed",
      "type": "aws_iam_role_policy_attachment",
      "name": "amazon_eks_vpc_resource_controller",
      "provider": "provider[\"registry.terraform.io/hashicorp/aws\"]",
      "instances": [
        {
          "schema_version": 0,
          "attributes": {
            "id": "test_role-20230413190054874300000003",
            "policy_arn": "arn:aws:iam::aws:policy/AmazonEKSVPCResourceController",
            "role": "test_role"
          },
          "sensitive_attributes": [],
          "private": "bnVsbA==",
          "dependencies": [
            "module.aws_eks_cluster.aws_iam_role.eks_cluster",
            "module.aws_vpc.aws_vpc.main",
            "module.private_subnet.aws_subnet.private_subnet",
            "module.public_subnet.aws_subnet.public_subnet"
          ]
        }
      ]
    },
    {
      "module": "module.aws_eks_node_group",
      "mode": "data",
      "type": "aws_subnets",
      "name": "name",
      "provider": "provider[\"registry.terraform.io/hashicorp/aws\"]",
      "instances": [
        {
          "schema_version": 0,
          "attributes": {
            "filter": [
              {
                "name": "tag:Name",
                "values": [
                  "private*"
                ]
              }
            ],
            "id": "eu-north-1",
            "ids": [
              "subnet-04ddef6b0f7f4a9cc",
              "subnet-0b7fbb162c3276117"
            ],
            "tags": null,
            "timeouts": null
          },
          "sensitive_attributes": []
        }
      ]
    },
    {
      "module": "module.aws_eks_node_group",
      "mode": "managed",
      "type": "aws_eks_node_group",
      "name": "example",
      "provider": "provider[\"registry.terraform.io/hashicorp/aws\"]",
      "instances": [
        {
          "schema_version": 0,
          "attributes": {
            "ami_type": "AL2_x86_64",
            "arn": "arn:aws:eks:eu-north-1:450477592783:nodegroup/example/example/26c3be02-fcc1-c39e-59d7-a8d498d3a4c2",
            "capacity_type": "ON_DEMAND",
            "cluster_name": "example",
            "disk_size": 100,
            "force_update_version": false,
            "id": "example:example",
            "instance_types": [
              "t3.small"
            ],
            "labels": {
              "role": "nodes-general"
            },
            "launch_template": [],
            "node_group_name": "example",
            "node_group_name_prefix": "",
            "node_role_arn": "arn:aws:iam::450477592783:role/test_role3",
            "release_version": "1.25.7-20230406",
            "remote_access": [],
            "resources": [
              {
                "autoscaling_groups": [
                  {
                    "name": "eks-example-26c3be02-fcc1-c39e-59d7-a8d498d3a4c2"
                  }
                ],
                "remote_access_security_group_id": ""
              }
            ],
            "scaling_config": [
              {
                "desired_size": 1,
                "max_size": 2,
                "min_size": 1
              }
            ],
            "status": "ACTIVE",
            "subnet_ids": [
              "subnet-04ddef6b0f7f4a9cc",
              "subnet-0b7fbb162c3276117"
            ],
            "tags": null,
            "tags_all": {},
            "taint": [],
            "timeouts": null,
            "update_config": [
              {
                "max_unavailable": 1,
                "max_unavailable_percentage": 0
              }
            ],
            "version": "1.25"
          },
          "sensitive_attributes": [],
          "private": "eyJlMmJmYjczMC1lY2FhLTExZTYtOGY4OC0zNDM2M2JjN2M0YzAiOnsiY3JlYXRlIjozNjAwMDAwMDAwMDAwLCJkZWxldGUiOjM2MDAwMDAwMDAwMDAsInVwZGF0ZSI6MzYwMDAwMDAwMDAwMH19",
          "dependencies": [
            "module.aws_eks_cluster.aws_eks_cluster.example",
            "module.aws_eks_cluster.aws_iam_role.eks_cluster",
            "module.aws_eks_cluster.aws_iam_role_policy_attachment.amazon_eks_cluster_policy",
            "module.aws_eks_cluster.aws_iam_role_policy_attachment.amazon_eks_vpc_resource_controller",
            "module.aws_eks_cluster.data.aws_subnets.all",
            "module.aws_eks_node_group.aws_iam_role.node_group",
            "module.aws_eks_node_group.aws_iam_role_policy_attachment.amazon_ec2_container_registry_readonly",
            "module.aws_eks_node_group.aws_iam_role_policy_attachment.amazon_eks_CNI_policy",
            "module.aws_eks_node_group.aws_iam_role_policy_attachment.amazon_eks_worker_node_policy",
            "module.aws_eks_node_group.data.aws_subnets.name",
            "module.aws_vpc.aws_vpc.main",
            "module.private_subnet.aws_subnet.private_subnet",
            "module.public_subnet.aws_subnet.public_subnet"
          ]
        }
      ]
    },
    {
      "module": "module.aws_eks_node_group",
      "mode": "managed",
      "type": "aws_iam_role",
      "name": "node_group",
      "provider": "provider[\"registry.terraform.io/hashicorp/aws\"]",
      "instances": [
        {
          "schema_version": 0,
          "attributes": {
            "arn": "arn:aws:iam::450477592783:role/test_role3",
            "assume_role_policy": "{\"Statement\":[{\"Action\":\"sts:AssumeRole\",\"Effect\":\"Allow\",\"Principal\":{\"Service\":\"ec2.amazonaws.com\"},\"Sid\":\"\"}],\"Version\":\"2012-10-17\"}",
            "create_date": "2023-04-13T19:09:37Z",
            "description": "",
            "force_detach_policies": false,
            "id": "test_role3",
            "inline_policy": [],
            "managed_policy_arns": [],
            "max_session_duration": 3600,
            "name": "test_role3",
            "name_prefix": "",
            "path": "/",
            "permissions_boundary": null,
            "tags": null,
            "tags_all": {},
            "unique_id": "AROAWRYUOSDHRTMYTMP47"
          },
          "sensitive_attributes": [],
          "private": "bnVsbA==",
          "dependencies": [
            "module.aws_eks_cluster.aws_eks_cluster.example",
            "module.aws_eks_cluster.aws_iam_role.eks_cluster",
            "module.aws_eks_cluster.aws_iam_role_policy_attachment.amazon_eks_cluster_policy",
            "module.aws_eks_cluster.aws_iam_role_policy_attachment.amazon_eks_vpc_resource_controller",
            "module.aws_eks_cluster.data.aws_subnets.all",
            "module.aws_vpc.aws_vpc.main",
            "module.private_subnet.aws_subnet.private_subnet",
            "module.public_subnet.aws_subnet.public_subnet"
          ]
        }
      ]
    },
    {
      "module": "module.aws_eks_node_group",
      "mode": "managed",
      "type": "aws_iam_role_policy_attachment",
      "name": "amazon_ec2_container_registry_readonly",
      "provider": "provider[\"registry.terraform.io/hashicorp/aws\"]",
      "instances": [
        {
          "schema_version": 0,
          "attributes": {
            "id": "test_role3-20230413190939459200000006",
            "policy_arn": "arn:aws:iam::aws:policy/AmazonEC2ContainerRegistryReadOnly",
            "role": "test_role3"
          },
          "sensitive_attributes": [],
          "private": "bnVsbA==",
          "dependencies": [
            "module.aws_eks_cluster.aws_eks_cluster.example",
            "module.aws_eks_cluster.aws_iam_role.eks_cluster",
            "module.aws_eks_cluster.aws_iam_role_policy_attachment.amazon_eks_cluster_policy",
            "module.aws_eks_cluster.aws_iam_role_policy_attachment.amazon_eks_vpc_resource_controller",
            "module.aws_eks_cluster.data.aws_subnets.all",
            "module.aws_eks_node_group.aws_iam_role.node_group",
            "module.aws_vpc.aws_vpc.main",
            "module.private_subnet.aws_subnet.private_subnet",
            "module.public_subnet.aws_subnet.public_subnet"
          ]
        }
      ]
    },
    {
      "module": "module.aws_eks_node_group",
      "mode": "managed",
      "type": "aws_iam_role_policy_attachment",
      "name": "amazon_eks_CNI_policy",
      "provider": "provider[\"registry.terraform.io/hashicorp/aws\"]",
      "instances": [
        {
          "schema_version": 0,
          "attributes": {
            "id": "test_role3-20230413190939605900000007",
            "policy_arn": "arn:aws:iam::aws:policy/AmazonEKS_CNI_Policy",
            "role": "test_role3"
          },
          "sensitive_attributes": [],
          "private": "bnVsbA==",
          "dependencies": [
            "module.aws_eks_cluster.aws_eks_cluster.example",
            "module.aws_eks_cluster.aws_iam_role.eks_cluster",
            "module.aws_eks_cluster.aws_iam_role_policy_attachment.amazon_eks_cluster_policy",
            "module.aws_eks_cluster.aws_iam_role_policy_attachment.amazon_eks_vpc_resource_controller",
            "module.aws_eks_cluster.data.aws_subnets.all",
            "module.aws_eks_node_group.aws_iam_role.node_group",
            "module.aws_vpc.aws_vpc.main",
            "module.private_subnet.aws_subnet.private_subnet",
            "module.public_subnet.aws_subnet.public_subnet"
          ]
        }
      ]
    },
    {
      "module": "module.aws_eks_node_group",
      "mode": "managed",
      "type": "aws_iam_role_policy_attachment",
      "name": "amazon_eks_worker_node_policy",
      "provider": "provider[\"registry.terraform.io/hashicorp/aws\"]",
      "instances": [
        {
          "schema_version": 0,
          "attributes": {
            "id": "test_role3-20230413190939286600000005",
            "policy_arn": "arn:aws:iam::aws:policy/AmazonEKSWorkerNodePolicy",
            "role": "test_role3"
          },
          "sensitive_attributes": [],
          "private": "bnVsbA==",
          "dependencies": [
            "module.aws_eks_cluster.aws_eks_cluster.example",
            "module.aws_eks_cluster.aws_iam_role.eks_cluster",
            "module.aws_eks_cluster.aws_iam_role_policy_attachment.amazon_eks_cluster_policy",
            "module.aws_eks_cluster.aws_iam_role_policy_attachment.amazon_eks_vpc_resource_controller",
            "module.aws_eks_cluster.data.aws_subnets.all",
            "module.aws_eks_node_group.aws_iam_role.node_group",
            "module.aws_vpc.aws_vpc.main",
            "module.private_subnet.aws_subnet.private_subnet",
            "module.public_subnet.aws_subnet.public_subnet"
          ]
        }
      ]
    },
    {
      "module": "module.aws_internet_gateway",
      "mode": "managed",
      "type": "aws_internet_gateway",
      "name": "name",
      "provider": "provider[\"registry.terraform.io/hashicorp/aws\"]",
      "instances": [
        {
          "schema_version": 0,
          "attributes": {
            "arn": "arn:aws:ec2:eu-north-1:450477592783:internet-gateway/igw-09278d750e3001d05",
            "id": "igw-09278d750e3001d05",
            "owner_id": "450477592783",
            "tags": {
              "Name": "victorsgateway"
            },
            "tags_all": {
              "Name": "victorsgateway"
            },
            "timeouts": null,
            "vpc_id": "vpc-092575ae955776fb7"
          },
          "sensitive_attributes": [],
          "private": "eyJlMmJmYjczMC1lY2FhLTExZTYtOGY4OC0zNDM2M2JjN2M0YzAiOnsiY3JlYXRlIjoxMjAwMDAwMDAwMDAwLCJkZWxldGUiOjEyMDAwMDAwMDAwMDAsInVwZGF0ZSI6MTIwMDAwMDAwMDAwMH19",
          "dependencies": [
            "module.aws_vpc.aws_vpc.main"
          ]
        }
      ]
    },
    {
      "module": "module.aws_nat_gateway[\"subnet1\"]",
      "mode": "managed",
      "type": "aws_nat_gateway",
      "name": "example",
      "provider": "provider[\"registry.terraform.io/hashicorp/aws\"]",
      "instances": [
        {
          "schema_version": 0,
          "attributes": {
            "allocation_id": "eipalloc-07822f668df7c2925",
            "connectivity_type": "public",
            "id": "nat-0a530f3e9e3ef3592",
            "network_interface_id": "eni-0aa35d15dd19ae077",
            "private_ip": "192.168.12.38",
            "public_ip": "16.16.114.179",
            "subnet_id": "subnet-0ff5a28da1b438c52",
            "tags": {
              "Name": "NAT1"
            },
            "tags_all": {
              "Name": "NAT1"
            }
          },
          "sensitive_attributes": [],
          "private": "bnVsbA==",
          "dependencies": [
            "module.aws_eip.aws_eip.nat1",
            "module.aws_internet_gateway.aws_internet_gateway.name",
            "module.aws_vpc.aws_vpc.main",
            "module.public_subnet.aws_subnet.public_subnet"
          ]
        }
      ]
    },
    {
      "module": "module.aws_nat_gateway[\"subnet2\"]",
      "mode": "managed",
      "type": "aws_nat_gateway",
      "name": "example",
      "provider": "provider[\"registry.terraform.io/hashicorp/aws\"]",
      "instances": [
        {
          "schema_version": 0,
          "attributes": {
            "allocation_id": "eipalloc-0123df59133625ab3",
            "connectivity_type": "public",
            "id": "nat-02751808c63b17345",
            "network_interface_id": "eni-0f517403e3ed04d0f",
            "private_ip": "192.168.135.40",
            "public_ip": "13.48.202.191",
            "subnet_id": "subnet-0346c1b73fcff6f13",
            "tags": {
              "Name": "NAT2"
            },
            "tags_all": {
              "Name": "NAT2"
            }
          },
          "sensitive_attributes": [],
          "private": "bnVsbA==",
          "dependencies": [
            "module.aws_eip.aws_eip.nat1",
            "module.aws_internet_gateway.aws_internet_gateway.name",
            "module.aws_vpc.aws_vpc.main",
            "module.public_subnet.aws_subnet.public_subnet"
          ]
        }
      ]
    },
    {
      "module": "module.aws_route_table_association_private[\"subnet1\"]",
      "mode": "managed",
      "type": "aws_route_table_association",
      "name": "route_association_private",
      "provider": "provider[\"registry.terraform.io/hashicorp/aws\"]",
      "instances": [
        {
          "schema_version": 0,
          "attributes": {
            "gateway_id": "",
            "id": "rtbassoc-0c048e5e54931b99d",
            "route_table_id": "rtb-0b9a5ceda3ef5391e",
            "subnet_id": "subnet-04ddef6b0f7f4a9cc"
          },
          "sensitive_attributes": [],
          "private": "bnVsbA==",
          "dependencies": [
            "module.aws_eip.aws_eip.nat1",
            "module.aws_internet_gateway.aws_internet_gateway.name",
            "module.aws_nat_gateway.aws_nat_gateway.example",
            "module.aws_route_table_private.aws_route_table.route_table_private",
            "module.aws_vpc.aws_vpc.main",
            "module.private_subnet.aws_subnet.private_subnet",
            "module.public_subnet.aws_subnet.public_subnet"
          ]
        }
      ]
    },
    {
      "module": "module.aws_route_table_association_private[\"subnet2\"]",
      "mode": "managed",
      "type": "aws_route_table_association",
      "name": "route_association_private",
      "provider": "provider[\"registry.terraform.io/hashicorp/aws\"]",
      "instances": [
        {
          "schema_version": 0,
          "attributes": {
            "gateway_id": "",
            "id": "rtbassoc-0260ad5458bddaa9d",
            "route_table_id": "rtb-07cf1f8ee1d0a7dfb",
            "subnet_id": "subnet-0b7fbb162c3276117"
          },
          "sensitive_attributes": [],
          "private": "bnVsbA==",
          "dependencies": [
            "module.aws_eip.aws_eip.nat1",
            "module.aws_internet_gateway.aws_internet_gateway.name",
            "module.aws_nat_gateway.aws_nat_gateway.example",
            "module.aws_route_table_private.aws_route_table.route_table_private",
            "module.aws_vpc.aws_vpc.main",
            "module.private_subnet.aws_subnet.private_subnet",
            "module.public_subnet.aws_subnet.public_subnet"
          ]
        }
      ]
    },
    {
      "module": "module.aws_route_table_association_public[\"subnet1\"]",
      "mode": "managed",
      "type": "aws_route_table_association",
      "name": "route_association_public",
      "provider": "provider[\"registry.terraform.io/hashicorp/aws\"]",
      "instances": [
        {
          "schema_version": 0,
          "attributes": {
            "gateway_id": "",
            "id": "rtbassoc-0853ec6e046eef3f3",
            "route_table_id": "rtb-0f34987d4ba5249db",
            "subnet_id": "subnet-0ff5a28da1b438c52"
          },
          "sensitive_attributes": [],
          "private": "bnVsbA==",
          "dependencies": [
            "module.aws_eip.aws_eip.nat1",
            "module.aws_internet_gateway.aws_internet_gateway.name",
            "module.aws_nat_gateway.aws_nat_gateway.example",
            "module.aws_route_table_public.aws_route_table.route_table_public",
            "module.aws_vpc.aws_vpc.main",
            "module.public_subnet.aws_subnet.public_subnet"
          ]
        }
      ]
    },
    {
      "module": "module.aws_route_table_association_public[\"subnet2\"]",
      "mode": "managed",
      "type": "aws_route_table_association",
      "name": "route_association_public",
      "provider": "provider[\"registry.terraform.io/hashicorp/aws\"]",
      "instances": [
        {
          "schema_version": 0,
          "attributes": {
            "gateway_id": "",
            "id": "rtbassoc-009ae3d7209586612",
            "route_table_id": "rtb-0f34987d4ba5249db",
            "subnet_id": "subnet-0346c1b73fcff6f13"
          },
          "sensitive_attributes": [],
          "private": "bnVsbA==",
          "dependencies": [
            "module.aws_eip.aws_eip.nat1",
            "module.aws_internet_gateway.aws_internet_gateway.name",
            "module.aws_nat_gateway.aws_nat_gateway.example",
            "module.aws_route_table_public.aws_route_table.route_table_public",
            "module.aws_vpc.aws_vpc.main",
            "module.public_subnet.aws_subnet.public_subnet"
          ]
        }
      ]
    },
    {
      "module": "module.aws_route_table_private[\"subnet1\"]",
      "mode": "managed",
      "type": "aws_route_table",
      "name": "route_table_private",
      "provider": "provider[\"registry.terraform.io/hashicorp/aws\"]",
      "instances": [
        {
          "schema_version": 0,
          "attributes": {
            "arn": "arn:aws:ec2:eu-north-1:450477592783:route-table/rtb-0b9a5ceda3ef5391e",
            "id": "rtb-0b9a5ceda3ef5391e",
            "owner_id": "450477592783",
            "propagating_vgws": [],
            "route": [
              {
                "carrier_gateway_id": "",
                "cidr_block": "0.0.0.0/0",
                "core_network_arn": "",
                "destination_prefix_list_id": "",
                "egress_only_gateway_id": "",
                "gateway_id": "nat-0a530f3e9e3ef3592",
                "instance_id": "",
                "ipv6_cidr_block": "",
                "local_gateway_id": "",
                "nat_gateway_id": "",
                "network_interface_id": "",
                "transit_gateway_id": "",
                "vpc_endpoint_id": "",
                "vpc_peering_connection_id": ""
              }
            ],
            "tags": {
              "Name": "myprivateroute1"
            },
            "tags_all": {
              "Name": "myprivateroute1"
            },
            "timeouts": null,
            "vpc_id": "vpc-092575ae955776fb7"
          },
          "sensitive_attributes": [],
          "private": "eyJlMmJmYjczMC1lY2FhLTExZTYtOGY4OC0zNDM2M2JjN2M0YzAiOnsiY3JlYXRlIjozMDAwMDAwMDAwMDAsImRlbGV0ZSI6MzAwMDAwMDAwMDAwLCJ1cGRhdGUiOjEyMDAwMDAwMDAwMH19",
          "dependencies": [
            "module.aws_eip.aws_eip.nat1",
            "module.aws_internet_gateway.aws_internet_gateway.name",
            "module.aws_nat_gateway.aws_nat_gateway.example",
            "module.aws_vpc.aws_vpc.main",
            "module.public_subnet.aws_subnet.public_subnet"
          ]
        }
      ]
    },
    {
      "module": "module.aws_route_table_private[\"subnet2\"]",
      "mode": "managed",
      "type": "aws_route_table",
      "name": "route_table_private",
      "provider": "provider[\"registry.terraform.io/hashicorp/aws\"]",
      "instances": [
        {
          "schema_version": 0,
          "attributes": {
            "arn": "arn:aws:ec2:eu-north-1:450477592783:route-table/rtb-07cf1f8ee1d0a7dfb",
            "id": "rtb-07cf1f8ee1d0a7dfb",
            "owner_id": "450477592783",
            "propagating_vgws": [],
            "route": [
              {
                "carrier_gateway_id": "",
                "cidr_block": "0.0.0.0/0",
                "core_network_arn": "",
                "destination_prefix_list_id": "",
                "egress_only_gateway_id": "",
                "gateway_id": "nat-02751808c63b17345",
                "instance_id": "",
                "ipv6_cidr_block": "",
                "local_gateway_id": "",
                "nat_gateway_id": "",
                "network_interface_id": "",
                "transit_gateway_id": "",
                "vpc_endpoint_id": "",
                "vpc_peering_connection_id": ""
              }
            ],
            "tags": {
              "Name": "myprivateroute2"
            },
            "tags_all": {
              "Name": "myprivateroute2"
            },
            "timeouts": null,
            "vpc_id": "vpc-092575ae955776fb7"
          },
          "sensitive_attributes": [],
          "private": "eyJlMmJmYjczMC1lY2FhLTExZTYtOGY4OC0zNDM2M2JjN2M0YzAiOnsiY3JlYXRlIjozMDAwMDAwMDAwMDAsImRlbGV0ZSI6MzAwMDAwMDAwMDAwLCJ1cGRhdGUiOjEyMDAwMDAwMDAwMH19",
          "dependencies": [
            "module.aws_eip.aws_eip.nat1",
            "module.aws_internet_gateway.aws_internet_gateway.name",
            "module.aws_nat_gateway.aws_nat_gateway.example",
            "module.aws_vpc.aws_vpc.main",
            "module.public_subnet.aws_subnet.public_subnet"
          ]
        }
      ]
    },
    {
      "module": "module.aws_route_table_public",
      "mode": "managed",
      "type": "aws_route_table",
      "name": "route_table_public",
      "provider": "provider[\"registry.terraform.io/hashicorp/aws\"]",
      "instances": [
        {
          "schema_version": 0,
          "attributes": {
            "arn": "arn:aws:ec2:eu-north-1:450477592783:route-table/rtb-0f34987d4ba5249db",
            "id": "rtb-0f34987d4ba5249db",
            "owner_id": "450477592783",
            "propagating_vgws": [],
            "route": [
              {
                "carrier_gateway_id": "",
                "cidr_block": "0.0.0.0/0",
                "core_network_arn": "",
                "destination_prefix_list_id": "",
                "egress_only_gateway_id": "",
                "gateway_id": "igw-09278d750e3001d05",
                "instance_id": "",
                "ipv6_cidr_block": "",
                "local_gateway_id": "",
                "nat_gateway_id": "",
                "network_interface_id": "",
                "transit_gateway_id": "",
                "vpc_endpoint_id": "",
                "vpc_peering_connection_id": ""
              }
            ],
            "tags": {
              "Name": "mypublicroute"
            },
            "tags_all": {
              "Name": "mypublicroute"
            },
            "timeouts": null,
            "vpc_id": "vpc-092575ae955776fb7"
          },
          "sensitive_attributes": [],
          "private": "eyJlMmJmYjczMC1lY2FhLTExZTYtOGY4OC0zNDM2M2JjN2M0YzAiOnsiY3JlYXRlIjozMDAwMDAwMDAwMDAsImRlbGV0ZSI6MzAwMDAwMDAwMDAwLCJ1cGRhdGUiOjEyMDAwMDAwMDAwMH19",
          "dependencies": [
            "module.aws_eip.aws_eip.nat1",
            "module.aws_internet_gateway.aws_internet_gateway.name",
            "module.aws_nat_gateway.aws_nat_gateway.example",
            "module.aws_vpc.aws_vpc.main",
            "module.public_subnet.aws_subnet.public_subnet"
          ]
        }
      ]
    },
    {
      "module": "module.aws_vpc",
      "mode": "managed",
      "type": "aws_vpc",
      "name": "main",
      "provider": "provider[\"registry.terraform.io/hashicorp/aws\"]",
      "instances": [
        {
          "schema_version": 1,
          "attributes": {
            "arn": "arn:aws:ec2:eu-north-1:450477592783:vpc/vpc-092575ae955776fb7",
            "assign_generated_ipv6_cidr_block": false,
            "cidr_block": "192.168.0.0/16",
            "default_network_acl_id": "acl-081d97d6c5b96f746",
            "default_route_table_id": "rtb-03b1f73e8d14d027d",
            "default_security_group_id": "sg-050a783f8a902eb47",
            "dhcp_options_id": "dopt-01287b56c4a82f9fe",
            "enable_classiclink": false,
            "enable_classiclink_dns_support": false,
            "enable_dns_hostnames": true,
            "enable_dns_support": true,
            "enable_network_address_usage_metrics": false,
            "id": "vpc-092575ae955776fb7",
            "instance_tenancy": "default",
            "ipv4_ipam_pool_id": null,
            "ipv4_netmask_length": null,
            "ipv6_association_id": "",
            "ipv6_cidr_block": "",
            "ipv6_cidr_block_network_border_group": "",
            "ipv6_ipam_pool_id": "",
            "ipv6_netmask_length": 0,
            "main_route_table_id": "rtb-03b1f73e8d14d027d",
            "owner_id": "450477592783",
            "tags": {
              "Name": "Victor_vpc_test"
            },
            "tags_all": {
              "Name": "Victor_vpc_test"
            }
          },
          "sensitive_attributes": [],
          "private": "eyJzY2hlbWFfdmVyc2lvbiI6IjEifQ=="
        }
      ]
    },
    {
      "module": "module.private_subnet[\"subnet1\"]",
      "mode": "managed",
      "type": "aws_subnet",
      "name": "private_subnet",
      "provider": "provider[\"registry.terraform.io/hashicorp/aws\"]",
      "instances": [
        {
          "schema_version": 1,
          "attributes": {
            "arn": "arn:aws:ec2:eu-north-1:450477592783:subnet/subnet-04ddef6b0f7f4a9cc",
            "assign_ipv6_address_on_creation": false,
            "availability_zone": "eu-north-1a",
            "availability_zone_id": "eun1-az1",
            "cidr_block": "192.168.64.0/18",
            "customer_owned_ipv4_pool": "",
            "enable_dns64": false,
            "enable_resource_name_dns_a_record_on_launch": false,
            "enable_resource_name_dns_aaaa_record_on_launch": false,
            "id": "subnet-04ddef6b0f7f4a9cc",
            "ipv6_cidr_block": "",
            "ipv6_cidr_block_association_id": "",
            "ipv6_native": false,
            "map_customer_owned_ip_on_launch": false,
            "map_public_ip_on_launch": false,
            "outpost_arn": "",
            "owner_id": "450477592783",
            "private_dns_hostname_type_on_launch": "ip-name",
            "tags": {
              "Name": "private-eu-north-1a",
              "kubernetes.io/cluster/eks": "shared",
              "kubernetes.io/role/internal-elb": "1"
            },
            "tags_all": {
              "Name": "private-eu-north-1a",
              "kubernetes.io/cluster/eks": "shared",
              "kubernetes.io/role/internal-elb": "1"
            },
            "timeouts": null,
            "vpc_id": "vpc-092575ae955776fb7"
          },
          "sensitive_attributes": [],
          "private": "eyJlMmJmYjczMC1lY2FhLTExZTYtOGY4OC0zNDM2M2JjN2M0YzAiOnsiY3JlYXRlIjo2MDAwMDAwMDAwMDAsImRlbGV0ZSI6MTIwMDAwMDAwMDAwMH0sInNjaGVtYV92ZXJzaW9uIjoiMSJ9",
          "dependencies": [
            "module.aws_vpc.aws_vpc.main"
          ]
        }
      ]
    },
    {
      "module": "module.private_subnet[\"subnet2\"]",
      "mode": "managed",
      "type": "aws_subnet",
      "name": "private_subnet",
      "provider": "provider[\"registry.terraform.io/hashicorp/aws\"]",
      "instances": [
        {
          "schema_version": 1,
          "attributes": {
            "arn": "arn:aws:ec2:eu-north-1:450477592783:subnet/subnet-0b7fbb162c3276117",
            "assign_ipv6_address_on_creation": false,
            "availability_zone": "eu-north-1b",
            "availability_zone_id": "eun1-az2",
            "cidr_block": "192.168.192.0/18",
            "customer_owned_ipv4_pool": "",
            "enable_dns64": false,
            "enable_resource_name_dns_a_record_on_launch": false,
            "enable_resource_name_dns_aaaa_record_on_launch": false,
            "id": "subnet-0b7fbb162c3276117",
            "ipv6_cidr_block": "",
            "ipv6_cidr_block_association_id": "",
            "ipv6_native": false,
            "map_customer_owned_ip_on_launch": false,
            "map_public_ip_on_launch": false,
            "outpost_arn": "",
            "owner_id": "450477592783",
            "private_dns_hostname_type_on_launch": "ip-name",
            "tags": {
              "Name": "private-eu-north-1b",
              "kubernetes.io/cluster/eks": "shared",
              "kubernetes.io/role/internal-elb": "1"
            },
            "tags_all": {
              "Name": "private-eu-north-1b",
              "kubernetes.io/cluster/eks": "shared",
              "kubernetes.io/role/internal-elb": "1"
            },
            "timeouts": null,
            "vpc_id": "vpc-092575ae955776fb7"
          },
          "sensitive_attributes": [],
          "private": "eyJlMmJmYjczMC1lY2FhLTExZTYtOGY4OC0zNDM2M2JjN2M0YzAiOnsiY3JlYXRlIjo2MDAwMDAwMDAwMDAsImRlbGV0ZSI6MTIwMDAwMDAwMDAwMH0sInNjaGVtYV92ZXJzaW9uIjoiMSJ9",
          "dependencies": [
            "module.aws_vpc.aws_vpc.main"
          ]
        }
      ]
    },
    {
      "module": "module.public_subnet[\"subnet1\"]",
      "mode": "managed",
      "type": "aws_subnet",
      "name": "public_subnet",
      "provider": "provider[\"registry.terraform.io/hashicorp/aws\"]",
      "instances": [
        {
          "schema_version": 1,
          "attributes": {
            "arn": "arn:aws:ec2:eu-north-1:450477592783:subnet/subnet-0ff5a28da1b438c52",
            "assign_ipv6_address_on_creation": false,
            "availability_zone": "eu-north-1a",
            "availability_zone_id": "eun1-az1",
            "cidr_block": "192.168.0.0/18",
            "customer_owned_ipv4_pool": "",
            "enable_dns64": false,
            "enable_resource_name_dns_a_record_on_launch": false,
            "enable_resource_name_dns_aaaa_record_on_launch": false,
            "id": "subnet-0ff5a28da1b438c52",
            "ipv6_cidr_block": "",
            "ipv6_cidr_block_association_id": "",
            "ipv6_native": false,
            "map_customer_owned_ip_on_launch": false,
            "map_public_ip_on_launch": true,
            "outpost_arn": "",
            "owner_id": "450477592783",
            "private_dns_hostname_type_on_launch": "ip-name",
            "tags": {
              "Name": "public-eu-north-1a",
              "kubernetes.io/cluster/eks": "shared",
              "kubernetes.io/role/elb": "1"
            },
            "tags_all": {
              "Name": "public-eu-north-1a",
              "kubernetes.io/cluster/eks": "shared",
              "kubernetes.io/role/elb": "1"
            },
            "timeouts": null,
            "vpc_id": "vpc-092575ae955776fb7"
          },
          "sensitive_attributes": [],
          "private": "eyJlMmJmYjczMC1lY2FhLTExZTYtOGY4OC0zNDM2M2JjN2M0YzAiOnsiY3JlYXRlIjo2MDAwMDAwMDAwMDAsImRlbGV0ZSI6MTIwMDAwMDAwMDAwMH0sInNjaGVtYV92ZXJzaW9uIjoiMSJ9",
          "dependencies": [
            "module.aws_vpc.aws_vpc.main"
          ]
        }
      ]
    },
    {
      "module": "module.public_subnet[\"subnet2\"]",
      "mode": "managed",
      "type": "aws_subnet",
      "name": "public_subnet",
      "provider": "provider[\"registry.terraform.io/hashicorp/aws\"]",
      "instances": [
        {
          "schema_version": 1,
          "attributes": {
            "arn": "arn:aws:ec2:eu-north-1:450477592783:subnet/subnet-0346c1b73fcff6f13",
            "assign_ipv6_address_on_creation": false,
            "availability_zone": "eu-north-1b",
            "availability_zone_id": "eun1-az2",
            "cidr_block": "192.168.128.0/18",
            "customer_owned_ipv4_pool": "",
            "enable_dns64": false,
            "enable_resource_name_dns_a_record_on_launch": false,
            "enable_resource_name_dns_aaaa_record_on_launch": false,
            "id": "subnet-0346c1b73fcff6f13",
            "ipv6_cidr_block": "",
            "ipv6_cidr_block_association_id": "",
            "ipv6_native": false,
            "map_customer_owned_ip_on_launch": false,
            "map_public_ip_on_launch": true,
            "outpost_arn": "",
            "owner_id": "450477592783",
            "private_dns_hostname_type_on_launch": "ip-name",
            "tags": {
              "Name": "public-eu-north-1b",
              "kubernetes.io/cluster/eks": "shared",
              "kubernetes.io/role/elb": "1"
            },
            "tags_all": {
              "Name": "public-eu-north-1b",
              "kubernetes.io/cluster/eks": "shared",
              "kubernetes.io/role/elb": "1"
            },
            "timeouts": null,
            "vpc_id": "vpc-092575ae955776fb7"
          },
          "sensitive_attributes": [],
          "private": "eyJlMmJmYjczMC1lY2FhLTExZTYtOGY4OC0zNDM2M2JjN2M0YzAiOnsiY3JlYXRlIjo2MDAwMDAwMDAwMDAsImRlbGV0ZSI6MTIwMDAwMDAwMDAwMH0sInNjaGVtYV92ZXJzaW9uIjoiMSJ9",
          "dependencies": [
            "module.aws_vpc.aws_vpc.main"
          ]
        }
      ]
    }
  ],
  "check_results": null
}
